// !$*UTF8*$!
{
	archiveVersion = 1;
	classes = {
	};
	objectVersion = 77;
	objects = {

/* Begin PBXBuildFile section */
		38A09B532DF431AC0066E434 /* OCRManager.swift in Sources */ = {isa = PBXBuildFile; fileRef = 38A09B522DF431A30066E434 /* OCRManager.swift */; };
		38A09B572DF4A9090066E434 /* InvitationOCRView.swift in Sources */ = {isa = PBXBuildFile; fileRef = 38A09B562DF4A8BD0066E434 /* InvitationOCRView.swift */; };
		38A09B592DF55F1D0066E434 /* OCRResultView.swift in Sources */ = {isa = PBXBuildFile; fileRef = 38A09B582DF55F180066E434 /* OCRResultView.swift */; };
		38A09B652DF578B90066E434 /* PhotoScanView.swift in Sources */ = {isa = PBXBuildFile; fileRef = 38A09B642DF578B20066E434 /* PhotoScanView.swift */; };
		38A09B672DF59B3F0066E434 /* OCRTextParser.swift in Sources */ = {isa = PBXBuildFile; fileRef = 38A09B662DF59B360066E434 /* OCRTextParser.swift */; };
		38AA40C92DF38D27004D5EC9 /* PhotoPickerView.swift in Sources */ = {isa = PBXBuildFile; fileRef = 38AA40C72DF38D27004D5EC9 /* PhotoPickerView.swift */; };
		38AA40CC2DF38D44004D5EC9 /* OCRViewModel.swift in Sources */ = {isa = PBXBuildFile; fileRef = 38AA40CB2DF38D44004D5EC9 /* OCRViewModel.swift */; };
		38AA40CF2DF38D77004D5EC9 /* FlowerstandCardData.swift in Sources */ = {isa = PBXBuildFile; fileRef = 38AA40CD2DF38D77004D5EC9 /* FlowerstandCardData.swift */; };
		38AA40D12DF38D9C004D5EC9 /* NameCheck.swift in Sources */ = {isa = PBXBuildFile; fileRef = 38AA40D02DF38D9C004D5EC9 /* NameCheck.swift */; };
		38AA40D92DF38DE2004D5EC9 /* InputCodeButtonView.swift in Sources */ = {isa = PBXBuildFile; fileRef = 38AA40D32DF38DE2004D5EC9 /* InputCodeButtonView.swift */; };
		38AA40DA2DF38DE2004D5EC9 /* CodeInputField.swift in Sources */ = {isa = PBXBuildFile; fileRef = 38AA40D22DF38DE2004D5EC9 /* CodeInputField.swift */; };
		38AA40DB2DF38DE2004D5EC9 /* InputCodeHeaderView.swift in Sources */ = {isa = PBXBuildFile; fileRef = 38AA40D52DF38DE2004D5EC9 /* InputCodeHeaderView.swift */; };
		38AA40DC2DF38DE2004D5EC9 /* InputCodeView.swift in Sources */ = {isa = PBXBuildFile; fileRef = 38AA40D72DF38DE2004D5EC9 /* InputCodeView.swift */; };
		38AA40DD2DF38DE2004D5EC9 /* InputCodeFieldView.swift in Sources */ = {isa = PBXBuildFile; fileRef = 38AA40D42DF38DE2004D5EC9 /* InputCodeFieldView.swift */; };
		38AA40E62DF38DF0004D5EC9 /* LottieView.swift in Sources */ = {isa = PBXBuildFile; fileRef = 38AA40DF2DF38DF0004D5EC9 /* LottieView.swift */; };
		38AA40E72DF38DF0004D5EC9 /* NoticeStep1.swift in Sources */ = {isa = PBXBuildFile; fileRef = 38AA40E02DF38DF0004D5EC9 /* NoticeStep1.swift */; };
		38AA40E82DF38DF0004D5EC9 /* NoticeStep2.swift in Sources */ = {isa = PBXBuildFile; fileRef = 38AA40E12DF38DF0004D5EC9 /* NoticeStep2.swift */; };
		38AA40E92DF38DF0004D5EC9 /* SkipView.swift in Sources */ = {isa = PBXBuildFile; fileRef = 38AA40E22DF38DF0004D5EC9 /* SkipView.swift */; };
		38AA40EA2DF38DF0004D5EC9 /* OnboardingView.swift in Sources */ = {isa = PBXBuildFile; fileRef = 38AA40E42DF38DF0004D5EC9 /* OnboardingView.swift */; };
		38AA40EE2DF38DFB004D5EC9 /* SplashView.swift in Sources */ = {isa = PBXBuildFile; fileRef = 38AA40EC2DF38DFB004D5EC9 /* SplashView.swift */; };
		55512E1E2DEEFB3300433ED8 /* InfoLoadingView.swift in Sources */ = {isa = PBXBuildFile; fileRef = 55512E1D2DEEFB3300433ED8 /* InfoLoadingView.swift */; };
		CA064B222DF05DE60048F794 /* FlowerstandStep3.swift in Sources */ = {isa = PBXBuildFile; fileRef = CA064B212DF05DE60048F794 /* FlowerstandStep3.swift */; };
		CA064B242DF05F660048F794 /* Assets.xcassets in Resources */ = {isa = PBXBuildFile; fileRef = CA064B232DF05F660048F794 /* Assets.xcassets */; };
		CA064B262DF061AD0048F794 /* SelectedFlowerGroup.swift in Sources */ = {isa = PBXBuildFile; fileRef = CA064B252DF061AD0048F794 /* SelectedFlowerGroup.swift */; };
		CA064B2E2DF074040048F794 /* CreateRibbonMessage.swift in Sources */ = {isa = PBXBuildFile; fileRef = CA064B2D2DF074040048F794 /* CreateRibbonMessage.swift */; };
		CA064B332DF07AF40048F794 /* FlowerstandStep4.swift in Sources */ = {isa = PBXBuildFile; fileRef = CA064B322DF07AF40048F794 /* FlowerstandStep4.swift */; };
		CA064B352DF07B090048F794 /* FlowerLoadingView.swift in Sources */ = {isa = PBXBuildFile; fileRef = CA064B342DF07B090048F794 /* FlowerLoadingView.swift */; };
		CA0B87EC2DF0217A0001F120 /* CreateFlowerstandView.swift in Sources */ = {isa = PBXBuildFile; fileRef = CA0B87EB2DF0217A0001F120 /* CreateFlowerstandView.swift */; };
		CA0B87EE2DF021B80001F120 /* CircleProgress.swift in Sources */ = {isa = PBXBuildFile; fileRef = CA0B87ED2DF021B80001F120 /* CircleProgress.swift */; };
		CA0B87F02DF021F50001F120 /* FlowerstandStep1.swift in Sources */ = {isa = PBXBuildFile; fileRef = CA0B87EF2DF021F50001F120 /* FlowerstandStep1.swift */; };
		CA0B87F22DF022070001F120 /* FlowerstandStep2.swift in Sources */ = {isa = PBXBuildFile; fileRef = CA0B87F12DF022070001F120 /* FlowerstandStep2.swift */; };
		CA2C4A492DF0513700D8E170 /* FlowerstandCardView.swift in Sources */ = {isa = PBXBuildFile; fileRef = CA2C4A482DF0512E00D8E170 /* FlowerstandCardView.swift */; };
		CA2C4A4B2DF0525000D8E170 /* CardDecorationPicker.swift in Sources */ = {isa = PBXBuildFile; fileRef = CA2C4A4A2DF0525000D8E170 /* CardDecorationPicker.swift */; };
		CA5EAA4A2DF2C06F00690A03 /* CreateGroupView.swift in Sources */ = {isa = PBXBuildFile; fileRef = CA5EAA492DF2C06F00690A03 /* CreateGroupView.swift */; };
		CA5EAA632DF2C34200690A03 /* CustomProgressView.swift in Sources */ = {isa = PBXBuildFile; fileRef = CA5EAA5A2DF2C34200690A03 /* CustomProgressView.swift */; };
		CA5EAA642DF2C34200690A03 /* InfoStep1View.swift in Sources */ = {isa = PBXBuildFile; fileRef = CA5EAA5C2DF2C34200690A03 /* InfoStep1View.swift */; };
		CA5EAA652DF2C34200690A03 /* InfoStep3View.swift in Sources */ = {isa = PBXBuildFile; fileRef = CA5EAA602DF2C34200690A03 /* InfoStep3View.swift */; };
		CA5EAA662DF2C34200690A03 /* InfoStep2View.swift in Sources */ = {isa = PBXBuildFile; fileRef = CA5EAA5E2DF2C34200690A03 /* InfoStep2View.swift */; };
		CA5EAA712DF2CA5800690A03 /* FinishFlowerstandCard.swift in Sources */ = {isa = PBXBuildFile; fileRef = CA5EAA6F2DF2CA5800690A03 /* FinishFlowerstandCard.swift */; };
		CA5EAA752DF2CA5D00690A03 /* LeftText.swift in Sources */ = {isa = PBXBuildFile; fileRef = CA5EAA732DF2CA5D00690A03 /* LeftText.swift */; };
		CA5EAA762DF2CA5D00690A03 /* RightText.swift in Sources */ = {isa = PBXBuildFile; fileRef = CA5EAA742DF2CA5D00690A03 /* RightText.swift */; };
		CA5EAAA82DF41A8E00690A03 /* CKPK_onboarding2.json in Resources */ = {isa = PBXBuildFile; fileRef = CA5EAAA62DF41A8E00690A03 /* CKPK_onboarding2.json */; };
		CA5EAAA92DF41A8E00690A03 /* CKPK_onboarding1.json in Resources */ = {isa = PBXBuildFile; fileRef = CA5EAAA52DF41A8E00690A03 /* CKPK_onboarding1.json */; };
		CA5EAAAC2DF41B2B00690A03 /* Lottie in Frameworks */ = {isa = PBXBuildFile; productRef = CA5EAAAB2DF41B2B00690A03 /* Lottie */; };
		CA5EAAAF2DF4286900690A03 /* ReceiveCongratsView.swift in Sources */ = {isa = PBXBuildFile; fileRef = CA5EAAAE2DF4286900690A03 /* ReceiveCongratsView.swift */; };
		CA5EAAB12DF4287A00690A03 /* ReceiveCongratsCardFrontView.swift in Sources */ = {isa = PBXBuildFile; fileRef = CA5EAAB02DF4287A00690A03 /* ReceiveCongratsCardFrontView.swift */; };
		CA5EAAB32DF4288E00690A03 /* ReceiveCongratsCardContainer.swift in Sources */ = {isa = PBXBuildFile; fileRef = CA5EAAB22DF4288E00690A03 /* ReceiveCongratsCardContainer.swift */; };
		CA5EAAB52DF4289F00690A03 /* ReceiveCongratsViewModel.swift in Sources */ = {isa = PBXBuildFile; fileRef = CA5EAAB42DF4289F00690A03 /* ReceiveCongratsViewModel.swift */; };
		CA5EAAB92DF4292100690A03 /* ReceiveCongratsCardBackView.swift in Sources */ = {isa = PBXBuildFile; fileRef = CA5EAAB82DF4292100690A03 /* ReceiveCongratsCardBackView.swift */; };
		CA5EAABD2DF42C3C00690A03 /* CardMemberListLeaderSection.swift in Sources */ = {isa = PBXBuildFile; fileRef = CA5EAABC2DF42C3C00690A03 /* CardMemberListLeaderSection.swift */; };
		CA5EAABF2DF42D1C00690A03 /* CardMemberListItem.swift in Sources */ = {isa = PBXBuildFile; fileRef = CA5EAABE2DF42D1C00690A03 /* CardMemberListItem.swift */; };
		CA5EAAC12DF430F800690A03 /* CardMemberListMemberSection.swift in Sources */ = {isa = PBXBuildFile; fileRef = CA5EAAC02DF430F800690A03 /* CardMemberListMemberSection.swift */; };
		CA5EAAC32DF443C300690A03 /* ReceiveCongratsCardFlipView.swift in Sources */ = {isa = PBXBuildFile; fileRef = CA5EAAC22DF443C300690A03 /* ReceiveCongratsCardFlipView.swift */; };
		CA5EAAC52DF4486800690A03 /* CardMemberListMemberSectionScrollView.swift in Sources */ = {isa = PBXBuildFile; fileRef = CA5EAAC42DF4486800690A03 /* CardMemberListMemberSectionScrollView.swift */; };
		CA5EAACF2DF483C400690A03 /* ShowFlowerstandCardsView.swift in Sources */ = {isa = PBXBuildFile; fileRef = CA5EAACE2DF483C400690A03 /* ShowFlowerstandCardsView.swift */; };
		CA5EAAD12DF483DC00690A03 /* FlowerstandCard.swift in Sources */ = {isa = PBXBuildFile; fileRef = CA5EAAD02DF483DC00690A03 /* FlowerstandCard.swift */; };
		CA5EAAD42DF483FC00690A03 /* FlowerstandCardList.swift in Sources */ = {isa = PBXBuildFile; fileRef = CA5EAAD32DF483FC00690A03 /* FlowerstandCardList.swift */; };
		CA5EAAD82DF4897400690A03 /* FlowerstandCardItem.swift in Sources */ = {isa = PBXBuildFile; fileRef = CA5EAAD72DF4897400690A03 /* FlowerstandCardItem.swift */; };
		CA5EAADA2DF48E6600690A03 /* SelectedCardDetailView.swift in Sources */ = {isa = PBXBuildFile; fileRef = CA5EAAD92DF48E6600690A03 /* SelectedCardDetailView.swift */; };
		CA5EAAE02DF5648300690A03 /* View+Extension.swift in Sources */ = {isa = PBXBuildFile; fileRef = CA5EAADF2DF5648300690A03 /* View+Extension.swift */; };
		D51C80C32DEF48210051CB40 /* HomeIntroText.swift in Sources */ = {isa = PBXBuildFile; fileRef = D51C80C22DEF481C0051CB40 /* HomeIntroText.swift */; };
		D51C80C52DEF482A0051CB40 /* HomeChracterImage.swift in Sources */ = {isa = PBXBuildFile; fileRef = D51C80C42DEF48260051CB40 /* HomeChracterImage.swift */; };
		D51C80CB2DEF487F0051CB40 /* HomeBottomButtons.swift in Sources */ = {isa = PBXBuildFile; fileRef = D51C80CA2DEF487C0051CB40 /* HomeBottomButtons.swift */; };
		D51C80D32DEF6B820051CB40 /* Wedding.swift in Sources */ = {isa = PBXBuildFile; fileRef = D51C80D22DEF6B780051CB40 /* Wedding.swift */; };
		D51C80D52DEF6B890051CB40 /* Party.swift in Sources */ = {isa = PBXBuildFile; fileRef = D51C80D42DEF6B850051CB40 /* Party.swift */; };
		D51C80D72DEF6B940051CB40 /* PartyMember.swift in Sources */ = {isa = PBXBuildFile; fileRef = D51C80D62DEF6B8F0051CB40 /* PartyMember.swift */; };
		D56CD4042DEF3BFD002267B1 /* GSImage.swift in Sources */ = {isa = PBXBuildFile; fileRef = D56CD4032DEF3BED002267B1 /* GSImage.swift */; };
		D574E9B12DED7FA000AAF70F /* PrimaryButton.swift in Sources */ = {isa = PBXBuildFile; fileRef = D574E9B02DED7F9400AAF70F /* PrimaryButton.swift */; };
		D574E9D02DED897A00AAF70F /* Pretendard-Black.otf in Resources */ = {isa = PBXBuildFile; fileRef = D574E9C62DED897A00AAF70F /* Pretendard-Black.otf */; };
		D574E9D12DED897A00AAF70F /* Pretendard-Bold.otf in Resources */ = {isa = PBXBuildFile; fileRef = D574E9C72DED897A00AAF70F /* Pretendard-Bold.otf */; };
		D574E9D22DED897A00AAF70F /* Pretendard-ExtraBold.otf in Resources */ = {isa = PBXBuildFile; fileRef = D574E9C82DED897A00AAF70F /* Pretendard-ExtraBold.otf */; };
		D574E9D32DED897A00AAF70F /* Pretendard-ExtraLight.otf in Resources */ = {isa = PBXBuildFile; fileRef = D574E9C92DED897A00AAF70F /* Pretendard-ExtraLight.otf */; };
		D574E9D42DED897A00AAF70F /* Pretendard-Light.otf in Resources */ = {isa = PBXBuildFile; fileRef = D574E9CA2DED897A00AAF70F /* Pretendard-Light.otf */; };
		D574E9D52DED897A00AAF70F /* Pretendard-Medium.otf in Resources */ = {isa = PBXBuildFile; fileRef = D574E9CB2DED897A00AAF70F /* Pretendard-Medium.otf */; };
		D574E9D62DED897A00AAF70F /* Pretendard-Regular.otf in Resources */ = {isa = PBXBuildFile; fileRef = D574E9CC2DED897A00AAF70F /* Pretendard-Regular.otf */; };
		D574E9D72DED897A00AAF70F /* Pretendard-SemiBold.otf in Resources */ = {isa = PBXBuildFile; fileRef = D574E9CD2DED897A00AAF70F /* Pretendard-SemiBold.otf */; };
		D574E9D82DED897A00AAF70F /* Pretendard-Thin.otf in Resources */ = {isa = PBXBuildFile; fileRef = D574E9CE2DED897A00AAF70F /* Pretendard-Thin.otf */; };
		D574E9DA2DED8A6500AAF70F /* GSFont.swift in Sources */ = {isa = PBXBuildFile; fileRef = D574E9D92DED8A5C00AAF70F /* GSFont.swift */; };
		D574E9DC2DED8E2E00AAF70F /* GSColor.swift in Sources */ = {isa = PBXBuildFile; fileRef = D574E9DB2DED8E2900AAF70F /* GSColor.swift */; };
		D574E9DE2DEDEE3500AAF70F /* PairButton.swift in Sources */ = {isa = PBXBuildFile; fileRef = D574E9DD2DEDEDE300AAF70F /* PairButton.swift */; };
		D5951B002DEFF68C006863B6 /* CustomTextField.swift in Sources */ = {isa = PBXBuildFile; fileRef = D5951AFF2DEFF68C006863B6 /* CustomTextField.swift */; };
		D595C30A2DF3636B00F484A1 /* InfoViewModel.swift in Sources */ = {isa = PBXBuildFile; fileRef = D595C3092DF3635D00F484A1 /* InfoViewModel.swift */; };
		D595C30C2DF3766000F484A1 /* FlowerLoadingViewModel.swift in Sources */ = {isa = PBXBuildFile; fileRef = D595C30B2DF3765900F484A1 /* FlowerLoadingViewModel.swift */; };
		D59F7C562DEAF20600A829A8 /* chukapokaApp.swift in Sources */ = {isa = PBXBuildFile; fileRef = D59F7C522DEAF20600A829A8 /* chukapokaApp.swift */; };
		D59F7C642DEAF56D00A829A8 /* AppDelegate.swift in Sources */ = {isa = PBXBuildFile; fileRef = D59F7C632DEAF56700A829A8 /* AppDelegate.swift */; };
		D59F7C702DEAF69400A829A8 /* Constants.swift in Sources */ = {isa = PBXBuildFile; fileRef = D59F7C6F2DEAF69200A829A8 /* Constants.swift */; };
		D59F7C742DEAF6D600A829A8 /* AppCoordinator.swift in Sources */ = {isa = PBXBuildFile; fileRef = D59F7C732DEAF6CA00A829A8 /* AppCoordinator.swift */; };
		D59F7C762DEAF6E100A829A8 /* AppRoute.swift in Sources */ = {isa = PBXBuildFile; fileRef = D59F7C752DEAF6DF00A829A8 /* AppRoute.swift */; };
		D59F7C782DEB006200A829A8 /* HomeView.swift in Sources */ = {isa = PBXBuildFile; fileRef = D59F7C772DEB005E00A829A8 /* HomeView.swift */; };
		D59F7C7F2DEB019700A829A8 /* CreateGroupViewModel.swift in Sources */ = {isa = PBXBuildFile; fileRef = D59F7C7E2DEB019100A829A8 /* CreateGroupViewModel.swift */; };
		D59F7C812DEB09C200A829A8 /* EnterCodeView.swift in Sources */ = {isa = PBXBuildFile; fileRef = D59F7C802DEB09BF00A829A8 /* EnterCodeView.swift */; };
		D5B38C382DF04084005DAFDC /* PartyCardView.swift in Sources */ = {isa = PBXBuildFile; fileRef = D5B38C372DF04081005DAFDC /* PartyCardView.swift */; };
		D5B38C3A2DF045EC005DAFDC /* PartyCardStatusBadge.swift in Sources */ = {isa = PBXBuildFile; fileRef = D5B38C392DF045EC005DAFDC /* PartyCardStatusBadge.swift */; };
		D5B38C3C2DF045FB005DAFDC /* PartyCardActionIcons.swift in Sources */ = {isa = PBXBuildFile; fileRef = D5B38C3B2DF045FB005DAFDC /* PartyCardActionIcons.swift */; };
		D5B38C3E2DF04621005DAFDC /* PartyCardTitle.swift in Sources */ = {isa = PBXBuildFile; fileRef = D5B38C3D2DF04621005DAFDC /* PartyCardTitle.swift */; };
		D5B38C402DF04733005DAFDC /* PartyCardInfoText.swift in Sources */ = {isa = PBXBuildFile; fileRef = D5B38C3F2DF04733005DAFDC /* PartyCardInfoText.swift */; };
		D5B38C442DF0475A005DAFDC /* PartyCardStyle.swift in Sources */ = {isa = PBXBuildFile; fileRef = D5B38C432DF0475A005DAFDC /* PartyCardStyle.swift */; };
		D5B38C482DF04775005DAFDC /* PartyCardModel.swift in Sources */ = {isa = PBXBuildFile; fileRef = D5B38C472DF04775005DAFDC /* PartyCardModel.swift */; };
		D5B38C4D2DF04824005DAFDC /* PartyCardAction.swift in Sources */ = {isa = PBXBuildFile; fileRef = D5B38C4C2DF04824005DAFDC /* PartyCardAction.swift */; };
		D5B38C4F2DF05A2C005DAFDC /* PartyCardGroupName.swift in Sources */ = {isa = PBXBuildFile; fileRef = D5B38C4E2DF05A11005DAFDC /* PartyCardGroupName.swift */; };
		D5B38C532DF06D59005DAFDC /* ActionIconButton.swift in Sources */ = {isa = PBXBuildFile; fileRef = D5B38C522DF06D52005DAFDC /* ActionIconButton.swift */; };
		D5B38C592DF09A11005DAFDC /* PartyCardBackground.swift in Sources */ = {isa = PBXBuildFile; fileRef = D5B38C582DF09A0B005DAFDC /* PartyCardBackground.swift */; };
		D5B38C5B2DF09B3F005DAFDC /* PartyCardContainer.swift in Sources */ = {isa = PBXBuildFile; fileRef = D5B38C5A2DF09B39005DAFDC /* PartyCardContainer.swift */; };
		D5B38C5E2DF0A769005DAFDC /* PartyCardBackView.swift in Sources */ = {isa = PBXBuildFile; fileRef = D5B38C5D2DF0A763005DAFDC /* PartyCardBackView.swift */; };
		D5B38C642DF0AB04005DAFDC /* PartyCardBackContainer.swift in Sources */ = {isa = PBXBuildFile; fileRef = D5B38C632DF0AAFA005DAFDC /* PartyCardBackContainer.swift */; };
		D5E9AD902DF5A7D200CDB444 /* HomeCardView.swift in Sources */ = {isa = PBXBuildFile; fileRef = D5E9AD8F2DF5A7CC00CDB444 /* HomeCardView.swift */; };
		D5E9AD922DF5A7E400CDB444 /* HomeNormalView.swift in Sources */ = {isa = PBXBuildFile; fileRef = D5E9AD912DF5A7D600CDB444 /* HomeNormalView.swift */; };
		D5E9AD9A2DF5D71500CDB444 /* FlippableCardView.swift in Sources */ = {isa = PBXBuildFile; fileRef = D5E9AD992DF5D70A00CDB444 /* FlippableCardView.swift */; };
		D5E9AD9F2DF5DBD300CDB444 /* FlippableFrontCardView.swift in Sources */ = {isa = PBXBuildFile; fileRef = D5E9AD9E2DF5DBD000CDB444 /* FlippableFrontCardView.swift */; };
		D5E9ADA12DF5DC0700CDB444 /* FlippableBackCardView.swift in Sources */ = {isa = PBXBuildFile; fileRef = D5E9ADA02DF5DBFF00CDB444 /* FlippableBackCardView.swift */; };
		D5E9FCD02DF2E145000859A6 /* NavigationBar.swift in Sources */ = {isa = PBXBuildFile; fileRef = D5E9FCCF2DF2E140000859A6 /* NavigationBar.swift */; };
		D5ED63172DED427B007912E1 /* RootNavigationView.swift in Sources */ = {isa = PBXBuildFile; fileRef = D5ED63162DED427B007912E1 /* RootNavigationView.swift */; };
		D5F2EDB72DF5E254003D1291 /* HomeCardScrollView.swift in Sources */ = {isa = PBXBuildFile; fileRef = D5F2EDB62DF5E24B003D1291 /* HomeCardScrollView.swift */; };
		D5F2EDB92DF5E6B7003D1291 /* SingleCardView.swift in Sources */ = {isa = PBXBuildFile; fileRef = D5F2EDB82DF5E6B3003D1291 /* SingleCardView.swift */; };
		D5F2EDBB2DF5E6CB003D1291 /* MultiCardScrollView.swift in Sources */ = {isa = PBXBuildFile; fileRef = D5F2EDBA2DF5E6C1003D1291 /* MultiCardScrollView.swift */; };
		D5F2EDBE2DF5E798003D1291 /* MultiCardViewModel.swift in Sources */ = {isa = PBXBuildFile; fileRef = D5F2EDBD2DF5E792003D1291 /* MultiCardViewModel.swift */; };
		D5F710AE2DF13C9D00F2CE3B /* CreateFlowerstandViewModel.swift in Sources */ = {isa = PBXBuildFile; fileRef = D5F710AD2DF13C9000F2CE3B /* CreateFlowerstandViewModel.swift */; };
		D5F710B02DF284CB00F2CE3B /* FlowerStandStep1ViewModel.swift in Sources */ = {isa = PBXBuildFile; fileRef = D5F710AF2DF284C200F2CE3B /* FlowerStandStep1ViewModel.swift */; };
		D5F710B22DF28D1500F2CE3B /* FlowerStandStep2ViewModel.swift in Sources */ = {isa = PBXBuildFile; fileRef = D5F710B12DF28D0800F2CE3B /* FlowerStandStep2ViewModel.swift */; };
		D5F710B42DF28D9800F2CE3B /* FlowerStandStep3ViewModel.swift in Sources */ = {isa = PBXBuildFile; fileRef = D5F710B32DF28D8D00F2CE3B /* FlowerStandStep3ViewModel.swift */; };
/* End PBXBuildFile section */

/* Begin PBXContainerItemProxy section */
		D59F7C352DEAEB3700A829A8 /* PBXContainerItemProxy */ = {
			isa = PBXContainerItemProxy;
			containerPortal = D59F7C1A2DEAEB3600A829A8 /* Project object */;
			proxyType = 1;
			remoteGlobalIDString = D59F7C212DEAEB3600A829A8;
			remoteInfo = chukapoka;
		};
		D59F7C3F2DEAEB3700A829A8 /* PBXContainerItemProxy */ = {
			isa = PBXContainerItemProxy;
			containerPortal = D59F7C1A2DEAEB3600A829A8 /* Project object */;
			proxyType = 1;
			remoteGlobalIDString = D59F7C212DEAEB3600A829A8;
			remoteInfo = chukapoka;
		};
/* End PBXContainerItemProxy section */

/* Begin PBXFileReference section */
		38A09B522DF431A30066E434 /* OCRManager.swift */ = {isa = PBXFileReference; lastKnownFileType = sourcecode.swift; path = OCRManager.swift; sourceTree = "<group>"; };
		38A09B562DF4A8BD0066E434 /* InvitationOCRView.swift */ = {isa = PBXFileReference; lastKnownFileType = sourcecode.swift; path = InvitationOCRView.swift; sourceTree = "<group>"; };
		38A09B582DF55F180066E434 /* OCRResultView.swift */ = {isa = PBXFileReference; lastKnownFileType = sourcecode.swift; path = OCRResultView.swift; sourceTree = "<group>"; };
		38A09B642DF578B20066E434 /* PhotoScanView.swift */ = {isa = PBXFileReference; lastKnownFileType = sourcecode.swift; path = PhotoScanView.swift; sourceTree = "<group>"; };
		38A09B662DF59B360066E434 /* OCRTextParser.swift */ = {isa = PBXFileReference; lastKnownFileType = sourcecode.swift; path = OCRTextParser.swift; sourceTree = "<group>"; };
		38AA40C72DF38D27004D5EC9 /* PhotoPickerView.swift */ = {isa = PBXFileReference; lastKnownFileType = sourcecode.swift; path = PhotoPickerView.swift; sourceTree = "<group>"; };
		38AA40CB2DF38D44004D5EC9 /* OCRViewModel.swift */ = {isa = PBXFileReference; lastKnownFileType = sourcecode.swift; path = OCRViewModel.swift; sourceTree = "<group>"; };
		38AA40CD2DF38D77004D5EC9 /* FlowerstandCardData.swift */ = {isa = PBXFileReference; lastKnownFileType = sourcecode.swift; path = FlowerstandCardData.swift; sourceTree = "<group>"; };
		38AA40D02DF38D9C004D5EC9 /* NameCheck.swift */ = {isa = PBXFileReference; lastKnownFileType = sourcecode.swift; path = NameCheck.swift; sourceTree = "<group>"; };
		38AA40D22DF38DE2004D5EC9 /* CodeInputField.swift */ = {isa = PBXFileReference; lastKnownFileType = sourcecode.swift; path = CodeInputField.swift; sourceTree = "<group>"; };
		38AA40D32DF38DE2004D5EC9 /* InputCodeButtonView.swift */ = {isa = PBXFileReference; lastKnownFileType = sourcecode.swift; path = InputCodeButtonView.swift; sourceTree = "<group>"; };
		38AA40D42DF38DE2004D5EC9 /* InputCodeFieldView.swift */ = {isa = PBXFileReference; lastKnownFileType = sourcecode.swift; path = InputCodeFieldView.swift; sourceTree = "<group>"; };
		38AA40D52DF38DE2004D5EC9 /* InputCodeHeaderView.swift */ = {isa = PBXFileReference; lastKnownFileType = sourcecode.swift; path = InputCodeHeaderView.swift; sourceTree = "<group>"; };
		38AA40D72DF38DE2004D5EC9 /* InputCodeView.swift */ = {isa = PBXFileReference; lastKnownFileType = sourcecode.swift; path = InputCodeView.swift; sourceTree = "<group>"; };
		38AA40DF2DF38DF0004D5EC9 /* LottieView.swift */ = {isa = PBXFileReference; lastKnownFileType = sourcecode.swift; path = LottieView.swift; sourceTree = "<group>"; };
		38AA40E02DF38DF0004D5EC9 /* NoticeStep1.swift */ = {isa = PBXFileReference; lastKnownFileType = sourcecode.swift; path = NoticeStep1.swift; sourceTree = "<group>"; };
		38AA40E12DF38DF0004D5EC9 /* NoticeStep2.swift */ = {isa = PBXFileReference; lastKnownFileType = sourcecode.swift; path = NoticeStep2.swift; sourceTree = "<group>"; };
		38AA40E22DF38DF0004D5EC9 /* SkipView.swift */ = {isa = PBXFileReference; lastKnownFileType = sourcecode.swift; path = SkipView.swift; sourceTree = "<group>"; };
		38AA40E42DF38DF0004D5EC9 /* OnboardingView.swift */ = {isa = PBXFileReference; lastKnownFileType = sourcecode.swift; path = OnboardingView.swift; sourceTree = "<group>"; };
		38AA40EC2DF38DFB004D5EC9 /* SplashView.swift */ = {isa = PBXFileReference; lastKnownFileType = sourcecode.swift; path = SplashView.swift; sourceTree = "<group>"; };
		55512E1D2DEEFB3300433ED8 /* InfoLoadingView.swift */ = {isa = PBXFileReference; lastKnownFileType = sourcecode.swift; path = InfoLoadingView.swift; sourceTree = "<group>"; };
		CA064B212DF05DE60048F794 /* FlowerstandStep3.swift */ = {isa = PBXFileReference; lastKnownFileType = sourcecode.swift; path = FlowerstandStep3.swift; sourceTree = "<group>"; };
		CA064B232DF05F660048F794 /* Assets.xcassets */ = {isa = PBXFileReference; lastKnownFileType = folder.assetcatalog; path = Assets.xcassets; sourceTree = "<group>"; };
		CA064B252DF061AD0048F794 /* SelectedFlowerGroup.swift */ = {isa = PBXFileReference; lastKnownFileType = sourcecode.swift; path = SelectedFlowerGroup.swift; sourceTree = "<group>"; };
		CA064B2D2DF074040048F794 /* CreateRibbonMessage.swift */ = {isa = PBXFileReference; lastKnownFileType = sourcecode.swift; path = CreateRibbonMessage.swift; sourceTree = "<group>"; };
		CA064B322DF07AF40048F794 /* FlowerstandStep4.swift */ = {isa = PBXFileReference; lastKnownFileType = sourcecode.swift; path = FlowerstandStep4.swift; sourceTree = "<group>"; };
		CA064B342DF07B090048F794 /* FlowerLoadingView.swift */ = {isa = PBXFileReference; lastKnownFileType = sourcecode.swift; path = FlowerLoadingView.swift; sourceTree = "<group>"; };
		CA0B87EB2DF0217A0001F120 /* CreateFlowerstandView.swift */ = {isa = PBXFileReference; lastKnownFileType = sourcecode.swift; path = CreateFlowerstandView.swift; sourceTree = "<group>"; };
		CA0B87ED2DF021B80001F120 /* CircleProgress.swift */ = {isa = PBXFileReference; lastKnownFileType = sourcecode.swift; path = CircleProgress.swift; sourceTree = "<group>"; };
		CA0B87EF2DF021F50001F120 /* FlowerstandStep1.swift */ = {isa = PBXFileReference; lastKnownFileType = sourcecode.swift; path = FlowerstandStep1.swift; sourceTree = "<group>"; };
		CA0B87F12DF022070001F120 /* FlowerstandStep2.swift */ = {isa = PBXFileReference; lastKnownFileType = sourcecode.swift; path = FlowerstandStep2.swift; sourceTree = "<group>"; };
		CA2C4A482DF0512E00D8E170 /* FlowerstandCardView.swift */ = {isa = PBXFileReference; lastKnownFileType = sourcecode.swift; path = FlowerstandCardView.swift; sourceTree = "<group>"; };
		CA2C4A4A2DF0525000D8E170 /* CardDecorationPicker.swift */ = {isa = PBXFileReference; lastKnownFileType = sourcecode.swift; path = CardDecorationPicker.swift; sourceTree = "<group>"; };
		CA5EAA492DF2C06F00690A03 /* CreateGroupView.swift */ = {isa = PBXFileReference; lastKnownFileType = sourcecode.swift; path = CreateGroupView.swift; sourceTree = "<group>"; };
		CA5EAA5A2DF2C34200690A03 /* CustomProgressView.swift */ = {isa = PBXFileReference; lastKnownFileType = sourcecode.swift; path = CustomProgressView.swift; sourceTree = "<group>"; };
		CA5EAA5C2DF2C34200690A03 /* InfoStep1View.swift */ = {isa = PBXFileReference; lastKnownFileType = sourcecode.swift; path = InfoStep1View.swift; sourceTree = "<group>"; };
		CA5EAA5E2DF2C34200690A03 /* InfoStep2View.swift */ = {isa = PBXFileReference; lastKnownFileType = sourcecode.swift; path = InfoStep2View.swift; sourceTree = "<group>"; };
		CA5EAA602DF2C34200690A03 /* InfoStep3View.swift */ = {isa = PBXFileReference; lastKnownFileType = sourcecode.swift; path = InfoStep3View.swift; sourceTree = "<group>"; };
		CA5EAA6F2DF2CA5800690A03 /* FinishFlowerstandCard.swift */ = {isa = PBXFileReference; lastKnownFileType = sourcecode.swift; path = FinishFlowerstandCard.swift; sourceTree = "<group>"; };
		CA5EAA732DF2CA5D00690A03 /* LeftText.swift */ = {isa = PBXFileReference; lastKnownFileType = sourcecode.swift; path = LeftText.swift; sourceTree = "<group>"; };
		CA5EAA742DF2CA5D00690A03 /* RightText.swift */ = {isa = PBXFileReference; lastKnownFileType = sourcecode.swift; path = RightText.swift; sourceTree = "<group>"; };
		CA5EAAA52DF41A8E00690A03 /* CKPK_onboarding1.json */ = {isa = PBXFileReference; lastKnownFileType = text.json; path = CKPK_onboarding1.json; sourceTree = "<group>"; };
		CA5EAAA62DF41A8E00690A03 /* CKPK_onboarding2.json */ = {isa = PBXFileReference; lastKnownFileType = text.json; path = CKPK_onboarding2.json; sourceTree = "<group>"; };
		CA5EAAAE2DF4286900690A03 /* ReceiveCongratsView.swift */ = {isa = PBXFileReference; lastKnownFileType = sourcecode.swift; path = ReceiveCongratsView.swift; sourceTree = "<group>"; };
		CA5EAAB02DF4287A00690A03 /* ReceiveCongratsCardFrontView.swift */ = {isa = PBXFileReference; lastKnownFileType = sourcecode.swift; path = ReceiveCongratsCardFrontView.swift; sourceTree = "<group>"; };
		CA5EAAB22DF4288E00690A03 /* ReceiveCongratsCardContainer.swift */ = {isa = PBXFileReference; lastKnownFileType = sourcecode.swift; path = ReceiveCongratsCardContainer.swift; sourceTree = "<group>"; };
		CA5EAAB42DF4289F00690A03 /* ReceiveCongratsViewModel.swift */ = {isa = PBXFileReference; lastKnownFileType = sourcecode.swift; path = ReceiveCongratsViewModel.swift; sourceTree = "<group>"; };
		CA5EAAB82DF4292100690A03 /* ReceiveCongratsCardBackView.swift */ = {isa = PBXFileReference; lastKnownFileType = sourcecode.swift; path = ReceiveCongratsCardBackView.swift; sourceTree = "<group>"; };
		CA5EAABC2DF42C3C00690A03 /* CardMemberListLeaderSection.swift */ = {isa = PBXFileReference; lastKnownFileType = sourcecode.swift; path = CardMemberListLeaderSection.swift; sourceTree = "<group>"; };
		CA5EAABE2DF42D1C00690A03 /* CardMemberListItem.swift */ = {isa = PBXFileReference; lastKnownFileType = sourcecode.swift; path = CardMemberListItem.swift; sourceTree = "<group>"; };
		CA5EAAC02DF430F800690A03 /* CardMemberListMemberSection.swift */ = {isa = PBXFileReference; lastKnownFileType = sourcecode.swift; path = CardMemberListMemberSection.swift; sourceTree = "<group>"; };
		CA5EAAC22DF443C300690A03 /* ReceiveCongratsCardFlipView.swift */ = {isa = PBXFileReference; lastKnownFileType = sourcecode.swift; path = ReceiveCongratsCardFlipView.swift; sourceTree = "<group>"; };
		CA5EAAC42DF4486800690A03 /* CardMemberListMemberSectionScrollView.swift */ = {isa = PBXFileReference; lastKnownFileType = sourcecode.swift; path = CardMemberListMemberSectionScrollView.swift; sourceTree = "<group>"; };
		CA5EAACE2DF483C400690A03 /* ShowFlowerstandCardsView.swift */ = {isa = PBXFileReference; lastKnownFileType = sourcecode.swift; path = ShowFlowerstandCardsView.swift; sourceTree = "<group>"; };
		CA5EAAD02DF483DC00690A03 /* FlowerstandCard.swift */ = {isa = PBXFileReference; lastKnownFileType = sourcecode.swift; path = FlowerstandCard.swift; sourceTree = "<group>"; };
		CA5EAAD32DF483FC00690A03 /* FlowerstandCardList.swift */ = {isa = PBXFileReference; lastKnownFileType = sourcecode.swift; path = FlowerstandCardList.swift; sourceTree = "<group>"; };
		CA5EAAD72DF4897400690A03 /* FlowerstandCardItem.swift */ = {isa = PBXFileReference; lastKnownFileType = sourcecode.swift; path = FlowerstandCardItem.swift; sourceTree = "<group>"; };
		CA5EAAD92DF48E6600690A03 /* SelectedCardDetailView.swift */ = {isa = PBXFileReference; lastKnownFileType = sourcecode.swift; path = SelectedCardDetailView.swift; sourceTree = "<group>"; };
		CA5EAADF2DF5648300690A03 /* View+Extension.swift */ = {isa = PBXFileReference; lastKnownFileType = sourcecode.swift; path = "View+Extension.swift"; sourceTree = "<group>"; };
		D51C80C22DEF481C0051CB40 /* HomeIntroText.swift */ = {isa = PBXFileReference; lastKnownFileType = sourcecode.swift; path = HomeIntroText.swift; sourceTree = "<group>"; };
		D51C80C42DEF48260051CB40 /* HomeChracterImage.swift */ = {isa = PBXFileReference; lastKnownFileType = sourcecode.swift; path = HomeChracterImage.swift; sourceTree = "<group>"; };
		D51C80CA2DEF487C0051CB40 /* HomeBottomButtons.swift */ = {isa = PBXFileReference; lastKnownFileType = sourcecode.swift; path = HomeBottomButtons.swift; sourceTree = "<group>"; };
		D51C80D22DEF6B780051CB40 /* Wedding.swift */ = {isa = PBXFileReference; lastKnownFileType = sourcecode.swift; path = Wedding.swift; sourceTree = "<group>"; };
		D51C80D42DEF6B850051CB40 /* Party.swift */ = {isa = PBXFileReference; lastKnownFileType = sourcecode.swift; path = Party.swift; sourceTree = "<group>"; };
		D51C80D62DEF6B8F0051CB40 /* PartyMember.swift */ = {isa = PBXFileReference; lastKnownFileType = sourcecode.swift; path = PartyMember.swift; sourceTree = "<group>"; };
		D56CD4032DEF3BED002267B1 /* GSImage.swift */ = {isa = PBXFileReference; lastKnownFileType = sourcecode.swift; path = GSImage.swift; sourceTree = "<group>"; };
		D574E9B02DED7F9400AAF70F /* PrimaryButton.swift */ = {isa = PBXFileReference; lastKnownFileType = sourcecode.swift; path = PrimaryButton.swift; sourceTree = "<group>"; };
		D574E9C52DED890000AAF70F /* Info.plist */ = {isa = PBXFileReference; lastKnownFileType = text.plist; path = Info.plist; sourceTree = "<group>"; };
		D574E9C62DED897A00AAF70F /* Pretendard-Black.otf */ = {isa = PBXFileReference; lastKnownFileType = file; path = "Pretendard-Black.otf"; sourceTree = "<group>"; };
		D574E9C72DED897A00AAF70F /* Pretendard-Bold.otf */ = {isa = PBXFileReference; lastKnownFileType = file; path = "Pretendard-Bold.otf"; sourceTree = "<group>"; };
		D574E9C82DED897A00AAF70F /* Pretendard-ExtraBold.otf */ = {isa = PBXFileReference; lastKnownFileType = file; path = "Pretendard-ExtraBold.otf"; sourceTree = "<group>"; };
		D574E9C92DED897A00AAF70F /* Pretendard-ExtraLight.otf */ = {isa = PBXFileReference; lastKnownFileType = file; path = "Pretendard-ExtraLight.otf"; sourceTree = "<group>"; };
		D574E9CA2DED897A00AAF70F /* Pretendard-Light.otf */ = {isa = PBXFileReference; lastKnownFileType = file; path = "Pretendard-Light.otf"; sourceTree = "<group>"; };
		D574E9CB2DED897A00AAF70F /* Pretendard-Medium.otf */ = {isa = PBXFileReference; lastKnownFileType = file; path = "Pretendard-Medium.otf"; sourceTree = "<group>"; };
		D574E9CC2DED897A00AAF70F /* Pretendard-Regular.otf */ = {isa = PBXFileReference; lastKnownFileType = file; path = "Pretendard-Regular.otf"; sourceTree = "<group>"; };
		D574E9CD2DED897A00AAF70F /* Pretendard-SemiBold.otf */ = {isa = PBXFileReference; lastKnownFileType = file; path = "Pretendard-SemiBold.otf"; sourceTree = "<group>"; };
		D574E9CE2DED897A00AAF70F /* Pretendard-Thin.otf */ = {isa = PBXFileReference; lastKnownFileType = file; path = "Pretendard-Thin.otf"; sourceTree = "<group>"; };
		D574E9D92DED8A5C00AAF70F /* GSFont.swift */ = {isa = PBXFileReference; lastKnownFileType = sourcecode.swift; path = GSFont.swift; sourceTree = "<group>"; };
		D574E9DB2DED8E2900AAF70F /* GSColor.swift */ = {isa = PBXFileReference; lastKnownFileType = sourcecode.swift; path = GSColor.swift; sourceTree = "<group>"; };
		D574E9DD2DEDEDE300AAF70F /* PairButton.swift */ = {isa = PBXFileReference; lastKnownFileType = sourcecode.swift; path = PairButton.swift; sourceTree = "<group>"; };
		D5951AFF2DEFF68C006863B6 /* CustomTextField.swift */ = {isa = PBXFileReference; lastKnownFileType = sourcecode.swift; path = CustomTextField.swift; sourceTree = "<group>"; };
		D595C3092DF3635D00F484A1 /* InfoViewModel.swift */ = {isa = PBXFileReference; lastKnownFileType = sourcecode.swift; path = InfoViewModel.swift; sourceTree = "<group>"; };
		D595C30B2DF3765900F484A1 /* FlowerLoadingViewModel.swift */ = {isa = PBXFileReference; lastKnownFileType = sourcecode.swift; path = FlowerLoadingViewModel.swift; sourceTree = "<group>"; };
		D59F7C222DEAEB3600A829A8 /* chukapoka.app */ = {isa = PBXFileReference; explicitFileType = wrapper.application; includeInIndex = 0; path = chukapoka.app; sourceTree = BUILT_PRODUCTS_DIR; };
		D59F7C342DEAEB3700A829A8 /* chukapokaTests.xctest */ = {isa = PBXFileReference; explicitFileType = wrapper.cfbundle; includeInIndex = 0; path = chukapokaTests.xctest; sourceTree = BUILT_PRODUCTS_DIR; };
		D59F7C3E2DEAEB3700A829A8 /* chukapokaUITests.xctest */ = {isa = PBXFileReference; explicitFileType = wrapper.cfbundle; includeInIndex = 0; path = chukapokaUITests.xctest; sourceTree = BUILT_PRODUCTS_DIR; };
		D59F7C522DEAF20600A829A8 /* chukapokaApp.swift */ = {isa = PBXFileReference; lastKnownFileType = sourcecode.swift; path = chukapokaApp.swift; sourceTree = "<group>"; };
		D59F7C632DEAF56700A829A8 /* AppDelegate.swift */ = {isa = PBXFileReference; lastKnownFileType = sourcecode.swift; path = AppDelegate.swift; sourceTree = "<group>"; };
		D59F7C6F2DEAF69200A829A8 /* Constants.swift */ = {isa = PBXFileReference; lastKnownFileType = sourcecode.swift; path = Constants.swift; sourceTree = "<group>"; };
		D59F7C732DEAF6CA00A829A8 /* AppCoordinator.swift */ = {isa = PBXFileReference; lastKnownFileType = sourcecode.swift; path = AppCoordinator.swift; sourceTree = "<group>"; };
		D59F7C752DEAF6DF00A829A8 /* AppRoute.swift */ = {isa = PBXFileReference; lastKnownFileType = sourcecode.swift; path = AppRoute.swift; sourceTree = "<group>"; };
		D59F7C772DEB005E00A829A8 /* HomeView.swift */ = {isa = PBXFileReference; lastKnownFileType = sourcecode.swift; path = HomeView.swift; sourceTree = "<group>"; };
		D59F7C7E2DEB019100A829A8 /* CreateGroupViewModel.swift */ = {isa = PBXFileReference; lastKnownFileType = sourcecode.swift; path = CreateGroupViewModel.swift; sourceTree = "<group>"; };
		D59F7C802DEB09BF00A829A8 /* EnterCodeView.swift */ = {isa = PBXFileReference; lastKnownFileType = sourcecode.swift; path = EnterCodeView.swift; sourceTree = "<group>"; };
		D59F7C9E2DECC2B100A829A8 /* .swiftlint.yml */ = {isa = PBXFileReference; lastKnownFileType = text.yaml; path = .swiftlint.yml; sourceTree = "<group>"; };
		D5B38C372DF04081005DAFDC /* PartyCardView.swift */ = {isa = PBXFileReference; lastKnownFileType = sourcecode.swift; path = PartyCardView.swift; sourceTree = "<group>"; };
		D5B38C392DF045EC005DAFDC /* PartyCardStatusBadge.swift */ = {isa = PBXFileReference; lastKnownFileType = sourcecode.swift; path = PartyCardStatusBadge.swift; sourceTree = "<group>"; };
		D5B38C3B2DF045FB005DAFDC /* PartyCardActionIcons.swift */ = {isa = PBXFileReference; lastKnownFileType = sourcecode.swift; path = PartyCardActionIcons.swift; sourceTree = "<group>"; };
		D5B38C3D2DF04621005DAFDC /* PartyCardTitle.swift */ = {isa = PBXFileReference; lastKnownFileType = sourcecode.swift; path = PartyCardTitle.swift; sourceTree = "<group>"; };
		D5B38C3F2DF04733005DAFDC /* PartyCardInfoText.swift */ = {isa = PBXFileReference; lastKnownFileType = sourcecode.swift; path = PartyCardInfoText.swift; sourceTree = "<group>"; };
		D5B38C432DF0475A005DAFDC /* PartyCardStyle.swift */ = {isa = PBXFileReference; lastKnownFileType = sourcecode.swift; path = PartyCardStyle.swift; sourceTree = "<group>"; };
		D5B38C472DF04775005DAFDC /* PartyCardModel.swift */ = {isa = PBXFileReference; lastKnownFileType = sourcecode.swift; path = PartyCardModel.swift; sourceTree = "<group>"; };
		D5B38C4C2DF04824005DAFDC /* PartyCardAction.swift */ = {isa = PBXFileReference; lastKnownFileType = sourcecode.swift; path = PartyCardAction.swift; sourceTree = "<group>"; };
		D5B38C4E2DF05A11005DAFDC /* PartyCardGroupName.swift */ = {isa = PBXFileReference; lastKnownFileType = sourcecode.swift; path = PartyCardGroupName.swift; sourceTree = "<group>"; };
		D5B38C522DF06D52005DAFDC /* ActionIconButton.swift */ = {isa = PBXFileReference; lastKnownFileType = sourcecode.swift; path = ActionIconButton.swift; sourceTree = "<group>"; };
		D5B38C582DF09A0B005DAFDC /* PartyCardBackground.swift */ = {isa = PBXFileReference; lastKnownFileType = sourcecode.swift; path = PartyCardBackground.swift; sourceTree = "<group>"; };
		D5B38C5A2DF09B39005DAFDC /* PartyCardContainer.swift */ = {isa = PBXFileReference; lastKnownFileType = sourcecode.swift; path = PartyCardContainer.swift; sourceTree = "<group>"; };
		D5B38C5D2DF0A763005DAFDC /* PartyCardBackView.swift */ = {isa = PBXFileReference; lastKnownFileType = sourcecode.swift; path = PartyCardBackView.swift; sourceTree = "<group>"; };
		D5B38C632DF0AAFA005DAFDC /* PartyCardBackContainer.swift */ = {isa = PBXFileReference; lastKnownFileType = sourcecode.swift; path = PartyCardBackContainer.swift; sourceTree = "<group>"; };
		D5E9AD8F2DF5A7CC00CDB444 /* HomeCardView.swift */ = {isa = PBXFileReference; lastKnownFileType = sourcecode.swift; path = HomeCardView.swift; sourceTree = "<group>"; };
		D5E9AD912DF5A7D600CDB444 /* HomeNormalView.swift */ = {isa = PBXFileReference; lastKnownFileType = sourcecode.swift; path = HomeNormalView.swift; sourceTree = "<group>"; };
		D5E9AD992DF5D70A00CDB444 /* FlippableCardView.swift */ = {isa = PBXFileReference; lastKnownFileType = sourcecode.swift; path = FlippableCardView.swift; sourceTree = "<group>"; };
		D5E9AD9E2DF5DBD000CDB444 /* FlippableFrontCardView.swift */ = {isa = PBXFileReference; lastKnownFileType = sourcecode.swift; path = FlippableFrontCardView.swift; sourceTree = "<group>"; };
		D5E9ADA02DF5DBFF00CDB444 /* FlippableBackCardView.swift */ = {isa = PBXFileReference; lastKnownFileType = sourcecode.swift; path = FlippableBackCardView.swift; sourceTree = "<group>"; };
		D5E9FCCF2DF2E140000859A6 /* NavigationBar.swift */ = {isa = PBXFileReference; lastKnownFileType = sourcecode.swift; path = NavigationBar.swift; sourceTree = "<group>"; };
		D5ED63162DED427B007912E1 /* RootNavigationView.swift */ = {isa = PBXFileReference; lastKnownFileType = sourcecode.swift; path = RootNavigationView.swift; sourceTree = "<group>"; };
		D5F2EDB62DF5E24B003D1291 /* HomeCardScrollView.swift */ = {isa = PBXFileReference; lastKnownFileType = sourcecode.swift; path = HomeCardScrollView.swift; sourceTree = "<group>"; };
		D5F2EDB82DF5E6B3003D1291 /* SingleCardView.swift */ = {isa = PBXFileReference; lastKnownFileType = sourcecode.swift; path = SingleCardView.swift; sourceTree = "<group>"; };
		D5F2EDBA2DF5E6C1003D1291 /* MultiCardScrollView.swift */ = {isa = PBXFileReference; lastKnownFileType = sourcecode.swift; path = MultiCardScrollView.swift; sourceTree = "<group>"; };
		D5F2EDBD2DF5E792003D1291 /* MultiCardViewModel.swift */ = {isa = PBXFileReference; lastKnownFileType = sourcecode.swift; path = MultiCardViewModel.swift; sourceTree = "<group>"; };
		D5F710AD2DF13C9000F2CE3B /* CreateFlowerstandViewModel.swift */ = {isa = PBXFileReference; lastKnownFileType = sourcecode.swift; path = CreateFlowerstandViewModel.swift; sourceTree = "<group>"; };
		D5F710AF2DF284C200F2CE3B /* FlowerStandStep1ViewModel.swift */ = {isa = PBXFileReference; lastKnownFileType = sourcecode.swift; path = FlowerStandStep1ViewModel.swift; sourceTree = "<group>"; };
		D5F710B12DF28D0800F2CE3B /* FlowerStandStep2ViewModel.swift */ = {isa = PBXFileReference; lastKnownFileType = sourcecode.swift; path = FlowerStandStep2ViewModel.swift; sourceTree = "<group>"; };
		D5F710B32DF28D8D00F2CE3B /* FlowerStandStep3ViewModel.swift */ = {isa = PBXFileReference; lastKnownFileType = sourcecode.swift; path = FlowerStandStep3ViewModel.swift; sourceTree = "<group>"; };
/* End PBXFileReference section */

/* Begin PBXFrameworksBuildPhase section */
		D59F7C1F2DEAEB3600A829A8 /* Frameworks */ = {
			isa = PBXFrameworksBuildPhase;
			buildActionMask = 2147483647;
			files = (
				CA5EAAAC2DF41B2B00690A03 /* Lottie in Frameworks */,
			);
			runOnlyForDeploymentPostprocessing = 0;
		};
		D59F7C312DEAEB3700A829A8 /* Frameworks */ = {
			isa = PBXFrameworksBuildPhase;
			buildActionMask = 2147483647;
			files = (
			);
			runOnlyForDeploymentPostprocessing = 0;
		};
		D59F7C3B2DEAEB3700A829A8 /* Frameworks */ = {
			isa = PBXFrameworksBuildPhase;
			buildActionMask = 2147483647;
			files = (
			);
			runOnlyForDeploymentPostprocessing = 0;
		};
/* End PBXFrameworksBuildPhase section */

/* Begin PBXGroup section */
		38A09B512DF4318C0066E434 /* TextRecognition */ = {
			isa = PBXGroup;
			children = (
				38A09B662DF59B360066E434 /* OCRTextParser.swift */,
				38A09B522DF431A30066E434 /* OCRManager.swift */,
			);
			path = TextRecognition;
			sourceTree = "<group>";
		};
		38A09B5A2DF566AC0066E434 /* CreateGroupOCR */ = {
			isa = PBXGroup;
			children = (
				38A09B5B2DF5675F0066E434 /* View */,
				38A09B5C2DF567650066E434 /* ViewModel */,
			);
			path = CreateGroupOCR;
			sourceTree = "<group>";
		};
		38A09B5B2DF5675F0066E434 /* View */ = {
			isa = PBXGroup;
			children = (
				38A09B562DF4A8BD0066E434 /* InvitationOCRView.swift */,
				38A09B5D2DF568270066E434 /* SubViews */,
			);
			path = View;
			sourceTree = "<group>";
		};
		38A09B5C2DF567650066E434 /* ViewModel */ = {
			isa = PBXGroup;
			children = (
				38AA40CB2DF38D44004D5EC9 /* OCRViewModel.swift */,
			);
			path = ViewModel;
			sourceTree = "<group>";
		};
		38A09B5D2DF568270066E434 /* SubViews */ = {
			isa = PBXGroup;
			children = (
				38A09B5E2DF568590066E434 /* Step1 */,
				38A09B5F2DF568640066E434 /* Step2 */,
				38A09B622DF569AA0066E434 /* Step3 */,
			);
			path = SubViews;
			sourceTree = "<group>";
		};
		38A09B5E2DF568590066E434 /* Step1 */ = {
			isa = PBXGroup;
			children = (
				38AA40C72DF38D27004D5EC9 /* PhotoPickerView.swift */,
			);
			path = Step1;
			sourceTree = "<group>";
		};
		38A09B5F2DF568640066E434 /* Step2 */ = {
			isa = PBXGroup;
			children = (
				38A09B642DF578B20066E434 /* PhotoScanView.swift */,
			);
			path = Step2;
			sourceTree = "<group>";
		};
		38A09B622DF569AA0066E434 /* Step3 */ = {
			isa = PBXGroup;
			children = (
				38A09B582DF55F180066E434 /* OCRResultView.swift */,
			);
			path = Step3;
			sourceTree = "<group>";
		};
		38AA40CE2DF38D77004D5EC9 /* Model */ = {
			isa = PBXGroup;
			children = (
				38AA40CD2DF38D77004D5EC9 /* FlowerstandCardData.swift */,
			);
			path = Model;
			sourceTree = "<group>";
		};
		38AA40D62DF38DE2004D5EC9 /* SubViews */ = {
			isa = PBXGroup;
			children = (
				38AA40D22DF38DE2004D5EC9 /* CodeInputField.swift */,
				38AA40D32DF38DE2004D5EC9 /* InputCodeButtonView.swift */,
				38AA40D42DF38DE2004D5EC9 /* InputCodeFieldView.swift */,
				38AA40D52DF38DE2004D5EC9 /* InputCodeHeaderView.swift */,
			);
			path = SubViews;
			sourceTree = "<group>";
		};
		38AA40D82DF38DE2004D5EC9 /* InputCodeView */ = {
			isa = PBXGroup;
			children = (
				38AA40D62DF38DE2004D5EC9 /* SubViews */,
				38AA40D72DF38DE2004D5EC9 /* InputCodeView.swift */,
			);
			path = InputCodeView;
			sourceTree = "<group>";
		};
		38AA40E32DF38DF0004D5EC9 /* SubViews */ = {
			isa = PBXGroup;
			children = (
				38AA40DF2DF38DF0004D5EC9 /* LottieView.swift */,
				38AA40E02DF38DF0004D5EC9 /* NoticeStep1.swift */,
				38AA40E12DF38DF0004D5EC9 /* NoticeStep2.swift */,
				38AA40E22DF38DF0004D5EC9 /* SkipView.swift */,
			);
			path = SubViews;
			sourceTree = "<group>";
		};
		38AA40E52DF38DF0004D5EC9 /* Onboarding */ = {
			isa = PBXGroup;
			children = (
				38AA40E32DF38DF0004D5EC9 /* SubViews */,
				38AA40E42DF38DF0004D5EC9 /* OnboardingView.swift */,
			);
			path = Onboarding;
			sourceTree = "<group>";
		};
		38AA40ED2DF38DFB004D5EC9 /* Splash */ = {
			isa = PBXGroup;
			children = (
				38AA40EC2DF38DFB004D5EC9 /* SplashView.swift */,
			);
			path = Splash;
			sourceTree = "<group>";
		};
		CA064B272DF06B8C0048F794 /* SubViews */ = {
			isa = PBXGroup;
			children = (
				CA064B312DF07ADD0048F794 /* Common */,
				CA064B282DF06C580048F794 /* Step1 */,
				CA064B292DF06C600048F794 /* Step2 */,
				CA064B2A2DF06C790048F794 /* Step3 */,
				CA064B2F2DF07AC60048F794 /* Step4 */,
			);
			path = SubViews;
			sourceTree = "<group>";
		};
		CA064B282DF06C580048F794 /* Step1 */ = {
			isa = PBXGroup;
			children = (
				CA0B87EF2DF021F50001F120 /* FlowerstandStep1.swift */,
			);
			path = Step1;
			sourceTree = "<group>";
		};
		CA064B292DF06C600048F794 /* Step2 */ = {
			isa = PBXGroup;
			children = (
				CA2C4A482DF0512E00D8E170 /* FlowerstandCardView.swift */,
				CA0B87F12DF022070001F120 /* FlowerstandStep2.swift */,
				CA2C4A4A2DF0525000D8E170 /* CardDecorationPicker.swift */,
				CA064B252DF061AD0048F794 /* SelectedFlowerGroup.swift */,
			);
			path = Step2;
			sourceTree = "<group>";
		};
		CA064B2A2DF06C790048F794 /* Step3 */ = {
			isa = PBXGroup;
			children = (
				CA064B212DF05DE60048F794 /* FlowerstandStep3.swift */,
				CA064B2D2DF074040048F794 /* CreateRibbonMessage.swift */,
			);
			path = Step3;
			sourceTree = "<group>";
		};
		CA064B2F2DF07AC60048F794 /* Step4 */ = {
			isa = PBXGroup;
			children = (
				CA064B322DF07AF40048F794 /* FlowerstandStep4.swift */,
				CA5EAA6F2DF2CA5800690A03 /* FinishFlowerstandCard.swift */,
				CA5EAA732DF2CA5D00690A03 /* LeftText.swift */,
				CA5EAA742DF2CA5D00690A03 /* RightText.swift */,
			);
			path = Step4;
			sourceTree = "<group>";
		};
		CA064B312DF07ADD0048F794 /* Common */ = {
			isa = PBXGroup;
			children = (
				CA0B87ED2DF021B80001F120 /* CircleProgress.swift */,
			);
			path = Common;
			sourceTree = "<group>";
		};
		CA0B87EA2DF021300001F120 /* CreateFlowerstand */ = {
			isa = PBXGroup;
			children = (
				38AA40CE2DF38D77004D5EC9 /* Model */,
				CA064B272DF06B8C0048F794 /* SubViews */,
				CA0B87EB2DF0217A0001F120 /* CreateFlowerstandView.swift */,
				D5F710AC2DF13C3600F2CE3B /* ViewModel */,
			);
			path = CreateFlowerstand;
			sourceTree = "<group>";
		};
		CA5EAA5B2DF2C34200690A03 /* Common */ = {
			isa = PBXGroup;
			children = (
				CA5EAA5A2DF2C34200690A03 /* CustomProgressView.swift */,
			);
			path = Common;
			sourceTree = "<group>";
		};
		CA5EAA5D2DF2C34200690A03 /* Step1 */ = {
			isa = PBXGroup;
			children = (
				CA5EAA5C2DF2C34200690A03 /* InfoStep1View.swift */,
			);
			path = Step1;
			sourceTree = "<group>";
		};
		CA5EAA5F2DF2C34200690A03 /* Step2 */ = {
			isa = PBXGroup;
			children = (
				CA5EAA5E2DF2C34200690A03 /* InfoStep2View.swift */,
			);
			path = Step2;
			sourceTree = "<group>";
		};
		CA5EAA612DF2C34200690A03 /* Step3 */ = {
			isa = PBXGroup;
			children = (
				CA5EAA602DF2C34200690A03 /* InfoStep3View.swift */,
			);
			path = Step3;
			sourceTree = "<group>";
		};
		CA5EAA622DF2C34200690A03 /* SubViews */ = {
			isa = PBXGroup;
			children = (
				CA5EAA5B2DF2C34200690A03 /* Common */,
				CA5EAA5D2DF2C34200690A03 /* Step1 */,
				CA5EAA5F2DF2C34200690A03 /* Step2 */,
				CA5EAA612DF2C34200690A03 /* Step3 */,
			);
			path = SubViews;
			sourceTree = "<group>";
		};
		CA5EAAA72DF41A8E00690A03 /* Lottie */ = {
			isa = PBXGroup;
			children = (
				CA5EAAA52DF41A8E00690A03 /* CKPK_onboarding1.json */,
				CA5EAAA62DF41A8E00690A03 /* CKPK_onboarding2.json */,
			);
			path = Lottie;
			sourceTree = "<group>";
		};
		CA5EAAAD2DF4282F00690A03 /* ReceiveCongrats */ = {
			isa = PBXGroup;
			children = (
				CA5EAADD2DF53EE400690A03 /* Model */,
				CA5EAACD2DF483AF00690A03 /* ShowFlowerstandCards */,
				CA5EAAB62DF428A400690A03 /* ViewModel */,
				CA5EAAB72DF428AD00690A03 /* SubViews */,
				CA5EAAAE2DF4286900690A03 /* ReceiveCongratsView.swift */,
			);
			path = ReceiveCongrats;
			sourceTree = "<group>";
		};
		CA5EAAB62DF428A400690A03 /* ViewModel */ = {
			isa = PBXGroup;
			children = (
				CA5EAAB42DF4289F00690A03 /* ReceiveCongratsViewModel.swift */,
			);
			path = ViewModel;
			sourceTree = "<group>";
		};
		CA5EAAB72DF428AD00690A03 /* SubViews */ = {
			isa = PBXGroup;
			children = (
				CA5EAAB22DF4288E00690A03 /* ReceiveCongratsCardContainer.swift */,
				CA5EAAC22DF443C300690A03 /* ReceiveCongratsCardFlipView.swift */,
				CA5EAAB02DF4287A00690A03 /* ReceiveCongratsCardFrontView.swift */,
				CA5EAAB82DF4292100690A03 /* ReceiveCongratsCardBackView.swift */,
				CA5EAABC2DF42C3C00690A03 /* CardMemberListLeaderSection.swift */,
				CA5EAAC02DF430F800690A03 /* CardMemberListMemberSection.swift */,
				CA5EAAC42DF4486800690A03 /* CardMemberListMemberSectionScrollView.swift */,
				CA5EAABE2DF42D1C00690A03 /* CardMemberListItem.swift */,
			);
			path = SubViews;
			sourceTree = "<group>";
		};
		CA5EAACD2DF483AF00690A03 /* ShowFlowerstandCards */ = {
			isa = PBXGroup;
			children = (
				CA5EAAD22DF483E100690A03 /* SubViews */,
				CA5EAACE2DF483C400690A03 /* ShowFlowerstandCardsView.swift */,
			);
			path = ShowFlowerstandCards;
			sourceTree = "<group>";
		};
		CA5EAAD22DF483E100690A03 /* SubViews */ = {
			isa = PBXGroup;
			children = (
				CA5EAAD02DF483DC00690A03 /* FlowerstandCard.swift */,
				CA5EAAD32DF483FC00690A03 /* FlowerstandCardList.swift */,
				CA5EAAD92DF48E6600690A03 /* SelectedCardDetailView.swift */,
			);
			path = SubViews;
			sourceTree = "<group>";
		};
		CA5EAADD2DF53EE400690A03 /* Model */ = {
			isa = PBXGroup;
			children = (
				CA5EAAD72DF4897400690A03 /* FlowerstandCardItem.swift */,
			);
			path = Model;
			sourceTree = "<group>";
		};
		CA5EAADE2DF5646E00690A03 /* Extensions */ = {
			isa = PBXGroup;
			children = (
				CA5EAADF2DF5648300690A03 /* View+Extension.swift */,
			);
			path = Extensions;
			sourceTree = "<group>";
		};
		D51C80C12DEF47740051CB40 /* SubViews */ = {
			isa = PBXGroup;
			children = (
				D51C80C22DEF481C0051CB40 /* HomeIntroText.swift */,
				D51C80C42DEF48260051CB40 /* HomeChracterImage.swift */,
				D51C80CA2DEF487C0051CB40 /* HomeBottomButtons.swift */,
			);
			path = SubViews;
			sourceTree = "<group>";
		};
		D51C80CE2DEF69E20051CB40 /* View */ = {
			isa = PBXGroup;
			children = (
				CA5EAA492DF2C06F00690A03 /* CreateGroupView.swift */,
				CA5EAA622DF2C34200690A03 /* SubViews */,
			);
			path = View;
			sourceTree = "<group>";
		};
		D51C80CF2DEF69ED0051CB40 /* ViewModel */ = {
			isa = PBXGroup;
			children = (
				D59F7C7E2DEB019100A829A8 /* CreateGroupViewModel.swift */,
			);
			path = ViewModel;
			sourceTree = "<group>";
		};
		D51C80D12DEF6B620051CB40 /* SharedModel */ = {
			isa = PBXGroup;
			children = (
				D51C80D22DEF6B780051CB40 /* Wedding.swift */,
				D51C80D42DEF6B850051CB40 /* Party.swift */,
				D51C80D62DEF6B8F0051CB40 /* PartyMember.swift */,
			);
			path = SharedModel;
			sourceTree = "<group>";
		};
		D574E9AD2DED7F6A00AAF70F /* DesignSystem */ = {
			isa = PBXGroup;
			children = (
				D56CD4032DEF3BED002267B1 /* GSImage.swift */,
				D574E9DB2DED8E2900AAF70F /* GSColor.swift */,
				D574E9D92DED8A5C00AAF70F /* GSFont.swift */,
				D574E9AF2DED7F8A00AAF70F /* Components */,
			);
			path = DesignSystem;
			sourceTree = "<group>";
		};
		D574E9AF2DED7F8A00AAF70F /* Components */ = {
			isa = PBXGroup;
			children = (
				D5B38C362DF04079005DAFDC /* PartyCard */,
				D5951AFF2DEFF68C006863B6 /* CustomTextField.swift */,
				D5E9FCCF2DF2E140000859A6 /* NavigationBar.swift */,
				D5B38C522DF06D52005DAFDC /* ActionIconButton.swift */,
				D574E9DD2DEDEDE300AAF70F /* PairButton.swift */,
				D574E9B02DED7F9400AAF70F /* PrimaryButton.swift */,
			);
			path = Components;
			sourceTree = "<group>";
		};
		D574E9CF2DED897A00AAF70F /* Font */ = {
			isa = PBXGroup;
			children = (
				D574E9C62DED897A00AAF70F /* Pretendard-Black.otf */,
				D574E9C72DED897A00AAF70F /* Pretendard-Bold.otf */,
				D574E9C82DED897A00AAF70F /* Pretendard-ExtraBold.otf */,
				D574E9C92DED897A00AAF70F /* Pretendard-ExtraLight.otf */,
				D574E9CA2DED897A00AAF70F /* Pretendard-Light.otf */,
				D574E9CB2DED897A00AAF70F /* Pretendard-Medium.otf */,
				D574E9CC2DED897A00AAF70F /* Pretendard-Regular.otf */,
				D574E9CD2DED897A00AAF70F /* Pretendard-SemiBold.otf */,
				D574E9CE2DED897A00AAF70F /* Pretendard-Thin.otf */,
			);
			path = Font;
			sourceTree = "<group>";
		};
		D595C3082DF3635500F484A1 /* ViewModel */ = {
			isa = PBXGroup;
			children = (
				D595C3092DF3635D00F484A1 /* InfoViewModel.swift */,
				D595C30B2DF3765900F484A1 /* FlowerLoadingViewModel.swift */,
			);
			path = ViewModel;
			sourceTree = "<group>";
		};
		D59F7C192DEAEB3600A829A8 = {
			isa = PBXGroup;
			children = (
				D59F7C9E2DECC2B100A829A8 /* .swiftlint.yml */,
				D59F7C542DEAF20600A829A8 /* chukapoka */,
				D59F7C232DEAEB3600A829A8 /* Products */,
			);
			sourceTree = "<group>";
		};
		D59F7C232DEAEB3600A829A8 /* Products */ = {
			isa = PBXGroup;
			children = (
				D59F7C222DEAEB3600A829A8 /* chukapoka.app */,
				D59F7C342DEAEB3700A829A8 /* chukapokaTests.xctest */,
				D59F7C3E2DEAEB3700A829A8 /* chukapokaUITests.xctest */,
			);
			name = Products;
			sourceTree = "<group>";
		};
		D59F7C542DEAF20600A829A8 /* chukapoka */ = {
			isa = PBXGroup;
			children = (
				D574E9C52DED890000AAF70F /* Info.plist */,
				D59F7C592DEAF23700A829A8 /* App */,
				D59F7C5A2DEAF24500A829A8 /* Core */,
				D59F7C5B2DEAF26800A829A8 /* Coordinator */,
				D59F7C5C2DEAF40300A829A8 /* Feature */,
				D59F7C5D2DEAF42900A829A8 /* Resources */,
			);
			path = chukapoka;
			sourceTree = "<group>";
		};
		D59F7C592DEAF23700A829A8 /* App */ = {
			isa = PBXGroup;
			children = (
				D59F7C522DEAF20600A829A8 /* chukapokaApp.swift */,
				D59F7C632DEAF56700A829A8 /* AppDelegate.swift */,
				D5ED63162DED427B007912E1 /* RootNavigationView.swift */,
			);
			path = App;
			sourceTree = "<group>";
		};
		D59F7C5A2DEAF24500A829A8 /* Core */ = {
			isa = PBXGroup;
			children = (
				38A09B512DF4318C0066E434 /* TextRecognition */,
				CA5EAADE2DF5646E00690A03 /* Extensions */,
				D51C80D12DEF6B620051CB40 /* SharedModel */,
				D574E9AD2DED7F6A00AAF70F /* DesignSystem */,
				D59F7C6F2DEAF69200A829A8 /* Constants.swift */,
			);
			path = Core;
			sourceTree = "<group>";
		};
		D59F7C5B2DEAF26800A829A8 /* Coordinator */ = {
			isa = PBXGroup;
			children = (
				D59F7C732DEAF6CA00A829A8 /* AppCoordinator.swift */,
				D59F7C752DEAF6DF00A829A8 /* AppRoute.swift */,
			);
			path = Coordinator;
			sourceTree = "<group>";
		};
		D59F7C5C2DEAF40300A829A8 /* Feature */ = {
			isa = PBXGroup;
			children = (
				38A09B5A2DF566AC0066E434 /* CreateGroupOCR */,
				CA5EAAAD2DF4282F00690A03 /* ReceiveCongrats */,
				38AA40ED2DF38DFB004D5EC9 /* Splash */,
				38AA40E52DF38DF0004D5EC9 /* Onboarding */,
				38AA40D82DF38DE2004D5EC9 /* InputCodeView */,
				D59F7C602DEAF4E000A829A8 /* Home */,
				D59F7C7A2DEB00B600A829A8 /* CreateGroup */,
				CA0B87EA2DF021300001F120 /* CreateFlowerstand */,
				D59F7C7B2DEB00C800A829A8 /* EnterGroup */,
				D5F710B72DF2971F00F2CE3B /* Loading */,
			);
			path = Feature;
			sourceTree = "<group>";
		};
		D59F7C5D2DEAF42900A829A8 /* Resources */ = {
			isa = PBXGroup;
			children = (
				CA5EAAA72DF41A8E00690A03 /* Lottie */,
				CA064B232DF05F660048F794 /* Assets.xcassets */,
				D574E9CF2DED897A00AAF70F /* Font */,
			);
			path = Resources;
			sourceTree = "<group>";
		};
		D59F7C602DEAF4E000A829A8 /* Home */ = {
			isa = PBXGroup;
			children = (
				D59F7C772DEB005E00A829A8 /* HomeView.swift */,
				D5E9AD932DF5A90600CDB444 /* View */,
			);
			path = Home;
			sourceTree = "<group>";
		};
		D59F7C7A2DEB00B600A829A8 /* CreateGroup */ = {
			isa = PBXGroup;
			children = (
				D51C80CE2DEF69E20051CB40 /* View */,
				D51C80CF2DEF69ED0051CB40 /* ViewModel */,
			);
			path = CreateGroup;
			sourceTree = "<group>";
		};
		D59F7C7B2DEB00C800A829A8 /* EnterGroup */ = {
			isa = PBXGroup;
			children = (
				38AA40D02DF38D9C004D5EC9 /* NameCheck.swift */,
				D59F7C802DEB09BF00A829A8 /* EnterCodeView.swift */,
			);
			path = EnterGroup;
			sourceTree = "<group>";
		};
		D5B38C362DF04079005DAFDC /* PartyCard */ = {
			isa = PBXGroup;
			children = (
				D5B38C542DF094B5005DAFDC /* View */,
				D5B38C562DF094C1005DAFDC /* Model */,
				D5B38C572DF094D0005DAFDC /* Style */,
			);
			path = PartyCard;
			sourceTree = "<group>";
		};
		D5B38C542DF094B5005DAFDC /* View */ = {
			isa = PBXGroup;
			children = (
				D5B38C5A2DF09B39005DAFDC /* PartyCardContainer.swift */,
				D5B38C632DF0AAFA005DAFDC /* PartyCardBackContainer.swift */,
				D5B38C372DF04081005DAFDC /* PartyCardView.swift */,
				D5B38C5D2DF0A763005DAFDC /* PartyCardBackView.swift */,
				D5B38C392DF045EC005DAFDC /* PartyCardStatusBadge.swift */,
				D5B38C3B2DF045FB005DAFDC /* PartyCardActionIcons.swift */,
				D5B38C3D2DF04621005DAFDC /* PartyCardTitle.swift */,
				D5B38C4E2DF05A11005DAFDC /* PartyCardGroupName.swift */,
				D5B38C3F2DF04733005DAFDC /* PartyCardInfoText.swift */,
			);
			path = View;
			sourceTree = "<group>";
		};
		D5B38C562DF094C1005DAFDC /* Model */ = {
			isa = PBXGroup;
			children = (
				D5B38C472DF04775005DAFDC /* PartyCardModel.swift */,
				D5B38C4C2DF04824005DAFDC /* PartyCardAction.swift */,
			);
			path = Model;
			sourceTree = "<group>";
		};
		D5B38C572DF094D0005DAFDC /* Style */ = {
			isa = PBXGroup;
			children = (
				D5B38C432DF0475A005DAFDC /* PartyCardStyle.swift */,
				D5B38C582DF09A0B005DAFDC /* PartyCardBackground.swift */,
			);
			path = Style;
			sourceTree = "<group>";
		};
		D5E9AD932DF5A90600CDB444 /* View */ = {
			isa = PBXGroup;
			children = (
				D5E9AD912DF5A7D600CDB444 /* HomeNormalView.swift */,
				D5E9AD8F2DF5A7CC00CDB444 /* HomeCardView.swift */,
				D5F2EDB62DF5E24B003D1291 /* HomeCardScrollView.swift */,
				D5F2EDB82DF5E6B3003D1291 /* SingleCardView.swift */,
				D5F2EDBA2DF5E6C1003D1291 /* MultiCardScrollView.swift */,
				D5E9AD992DF5D70A00CDB444 /* FlippableCardView.swift */,
				D5E9ADA02DF5DBFF00CDB444 /* FlippableBackCardView.swift */,
				D5E9AD9E2DF5DBD000CDB444 /* FlippableFrontCardView.swift */,
				D51C80C12DEF47740051CB40 /* SubViews */,
				D5F2EDBF2DF5EFDF003D1291 /* ViewModel */,
			);
			path = View;
			sourceTree = "<group>";
		};
		D5F2EDBF2DF5EFDF003D1291 /* ViewModel */ = {
			isa = PBXGroup;
			children = (
				D5F2EDBD2DF5E792003D1291 /* MultiCardViewModel.swift */,
			);
			path = ViewModel;
			sourceTree = "<group>";
		};
		D5F710AC2DF13C3600F2CE3B /* ViewModel */ = {
			isa = PBXGroup;
			children = (
				D5F710AD2DF13C9000F2CE3B /* CreateFlowerstandViewModel.swift */,
				D5F710AF2DF284C200F2CE3B /* FlowerStandStep1ViewModel.swift */,
				D5F710B12DF28D0800F2CE3B /* FlowerStandStep2ViewModel.swift */,
				D5F710B32DF28D8D00F2CE3B /* FlowerStandStep3ViewModel.swift */,
			);
			path = ViewModel;
			sourceTree = "<group>";
		};
		D5F710B72DF2971F00F2CE3B /* Loading */ = {
			isa = PBXGroup;
			children = (
				55512E1D2DEEFB3300433ED8 /* InfoLoadingView.swift */,
				CA064B342DF07B090048F794 /* FlowerLoadingView.swift */,
				D595C3082DF3635500F484A1 /* ViewModel */,
			);
			path = Loading;
			sourceTree = "<group>";
		};
/* End PBXGroup section */

/* Begin PBXNativeTarget section */
		D59F7C212DEAEB3600A829A8 /* chukapoka */ = {
			isa = PBXNativeTarget;
			buildConfigurationList = D59F7C482DEAEB3700A829A8 /* Build configuration list for PBXNativeTarget "chukapoka" */;
			buildPhases = (
				D59F7C1E2DEAEB3600A829A8 /* Sources */,
				D59F7C1F2DEAEB3600A829A8 /* Frameworks */,
				D59F7C202DEAEB3600A829A8 /* Resources */,
				D59F7C972DECBBE000A829A8 /* ShellScript */,
			);
			buildRules = (
			);
			dependencies = (
			);
			name = chukapoka;
			packageProductDependencies = (
				CA5EAAAB2DF41B2B00690A03 /* Lottie */,
			);
			productName = chukapoka;
			productReference = D59F7C222DEAEB3600A829A8 /* chukapoka.app */;
			productType = "com.apple.product-type.application";
		};
		D59F7C332DEAEB3700A829A8 /* chukapokaTests */ = {
			isa = PBXNativeTarget;
			buildConfigurationList = D59F7C4B2DEAEB3700A829A8 /* Build configuration list for PBXNativeTarget "chukapokaTests" */;
			buildPhases = (
				D59F7C302DEAEB3700A829A8 /* Sources */,
				D59F7C312DEAEB3700A829A8 /* Frameworks */,
				D59F7C322DEAEB3700A829A8 /* Resources */,
			);
			buildRules = (
			);
			dependencies = (
				D59F7C362DEAEB3700A829A8 /* PBXTargetDependency */,
			);
			name = chukapokaTests;
			packageProductDependencies = (
			);
			productName = chukapokaTests;
			productReference = D59F7C342DEAEB3700A829A8 /* chukapokaTests.xctest */;
			productType = "com.apple.product-type.bundle.unit-test";
		};
		D59F7C3D2DEAEB3700A829A8 /* chukapokaUITests */ = {
			isa = PBXNativeTarget;
			buildConfigurationList = D59F7C4E2DEAEB3700A829A8 /* Build configuration list for PBXNativeTarget "chukapokaUITests" */;
			buildPhases = (
				D59F7C3A2DEAEB3700A829A8 /* Sources */,
				D59F7C3B2DEAEB3700A829A8 /* Frameworks */,
				D59F7C3C2DEAEB3700A829A8 /* Resources */,
			);
			buildRules = (
			);
			dependencies = (
				D59F7C402DEAEB3700A829A8 /* PBXTargetDependency */,
			);
			name = chukapokaUITests;
			packageProductDependencies = (
			);
			productName = chukapokaUITests;
			productReference = D59F7C3E2DEAEB3700A829A8 /* chukapokaUITests.xctest */;
			productType = "com.apple.product-type.bundle.ui-testing";
		};
/* End PBXNativeTarget section */

/* Begin PBXProject section */
		D59F7C1A2DEAEB3600A829A8 /* Project object */ = {
			isa = PBXProject;
			attributes = {
				BuildIndependentTargetsInParallel = 1;
				LastSwiftUpdateCheck = 1620;
				LastUpgradeCheck = 1620;
				TargetAttributes = {
					D59F7C212DEAEB3600A829A8 = {
						CreatedOnToolsVersion = 16.2;
					};
					D59F7C332DEAEB3700A829A8 = {
						CreatedOnToolsVersion = 16.2;
						TestTargetID = D59F7C212DEAEB3600A829A8;
					};
					D59F7C3D2DEAEB3700A829A8 = {
						CreatedOnToolsVersion = 16.2;
						TestTargetID = D59F7C212DEAEB3600A829A8;
					};
				};
			};
			buildConfigurationList = D59F7C1D2DEAEB3600A829A8 /* Build configuration list for PBXProject "chukapoka" */;
			developmentRegion = en;
			hasScannedForEncodings = 0;
			knownRegions = (
				en,
				Base,
			);
			mainGroup = D59F7C192DEAEB3600A829A8;
			minimizedProjectReferenceProxies = 1;
			packageReferences = (
				CA5EAAAA2DF41B2B00690A03 /* XCRemoteSwiftPackageReference "lottie-ios" */,
			);
			preferredProjectObjectVersion = 77;
			productRefGroup = D59F7C232DEAEB3600A829A8 /* Products */;
			projectDirPath = "";
			projectRoot = "";
			targets = (
				D59F7C212DEAEB3600A829A8 /* chukapoka */,
				D59F7C332DEAEB3700A829A8 /* chukapokaTests */,
				D59F7C3D2DEAEB3700A829A8 /* chukapokaUITests */,
			);
		};
/* End PBXProject section */

/* Begin PBXResourcesBuildPhase section */
		D59F7C202DEAEB3600A829A8 /* Resources */ = {
			isa = PBXResourcesBuildPhase;
			buildActionMask = 2147483647;
			files = (
				D574E9D02DED897A00AAF70F /* Pretendard-Black.otf in Resources */,
				D574E9D12DED897A00AAF70F /* Pretendard-Bold.otf in Resources */,
				D574E9D22DED897A00AAF70F /* Pretendard-ExtraBold.otf in Resources */,
				D574E9D32DED897A00AAF70F /* Pretendard-ExtraLight.otf in Resources */,
				CA064B242DF05F660048F794 /* Assets.xcassets in Resources */,
				D574E9D42DED897A00AAF70F /* Pretendard-Light.otf in Resources */,
				CA5EAAA82DF41A8E00690A03 /* CKPK_onboarding2.json in Resources */,
				CA5EAAA92DF41A8E00690A03 /* CKPK_onboarding1.json in Resources */,
				D574E9D52DED897A00AAF70F /* Pretendard-Medium.otf in Resources */,
				D574E9D62DED897A00AAF70F /* Pretendard-Regular.otf in Resources */,
				D574E9D72DED897A00AAF70F /* Pretendard-SemiBold.otf in Resources */,
				D574E9D82DED897A00AAF70F /* Pretendard-Thin.otf in Resources */,
			);
			runOnlyForDeploymentPostprocessing = 0;
		};
		D59F7C322DEAEB3700A829A8 /* Resources */ = {
			isa = PBXResourcesBuildPhase;
			buildActionMask = 2147483647;
			files = (
			);
			runOnlyForDeploymentPostprocessing = 0;
		};
		D59F7C3C2DEAEB3700A829A8 /* Resources */ = {
			isa = PBXResourcesBuildPhase;
			buildActionMask = 2147483647;
			files = (
			);
			runOnlyForDeploymentPostprocessing = 0;
		};
/* End PBXResourcesBuildPhase section */

/* Begin PBXShellScriptBuildPhase section */
		D59F7C972DECBBE000A829A8 /* ShellScript */ = {
			isa = PBXShellScriptBuildPhase;
			alwaysOutOfDate = 1;
			buildActionMask = 2147483647;
			files = (
			);
			inputFileListPaths = (
			);
			inputPaths = (
			);
			outputFileListPaths = (
			);
			outputPaths = (
			);
			runOnlyForDeploymentPostprocessing = 0;
			shellPath = /bin/sh;
			shellScript = "if [[ \"$(uname -m)\" == arm64 ]]; then\n    export PATH=\"/opt/homebrew/bin:$PATH\"\nfi\n\nif which swiftlint > /dev/null; then\n  swiftlint\nelse\n  echo \"warning: SwiftLint not installed, download from https://github.com/realm/SwiftLint\"\nfi\n";
		};
/* End PBXShellScriptBuildPhase section */

/* Begin PBXSourcesBuildPhase section */
		D59F7C1E2DEAEB3600A829A8 /* Sources */ = {
			isa = PBXSourcesBuildPhase;
			buildActionMask = 2147483647;
			files = (
				D5B38C5E2DF0A769005DAFDC /* PartyCardBackView.swift in Sources */,
				CA5EAABD2DF42C3C00690A03 /* CardMemberListLeaderSection.swift in Sources */,
				D59F7C742DEAF6D600A829A8 /* AppCoordinator.swift in Sources */,
				38AA40EE2DF38DFB004D5EC9 /* SplashView.swift in Sources */,
				D59F7C642DEAF56D00A829A8 /* AppDelegate.swift in Sources */,
				D59F7C7F2DEB019700A829A8 /* CreateGroupViewModel.swift in Sources */,
				D51C80D72DEF6B940051CB40 /* PartyMember.swift in Sources */,
				D5B38C382DF04084005DAFDC /* PartyCardView.swift in Sources */,
				CA5EAABF2DF42D1C00690A03 /* CardMemberListItem.swift in Sources */,
				D595C30A2DF3636B00F484A1 /* InfoViewModel.swift in Sources */,
				38A09B592DF55F1D0066E434 /* OCRResultView.swift in Sources */,
				38AA40C62DF38D18004D5EC9 /* OCRScreen.swift in Sources */,
				D5E9AD902DF5A7D200CDB444 /* HomeCardView.swift in Sources */,
				D5B38C4D2DF04824005DAFDC /* PartyCardAction.swift in Sources */,
				38AA40D12DF38D9C004D5EC9 /* NameCheck.swift in Sources */,
				D5B38C3A2DF045EC005DAFDC /* PartyCardStatusBadge.swift in Sources */,
				D5F2EDBB2DF5E6CB003D1291 /* MultiCardScrollView.swift in Sources */,
				D5951B002DEFF68C006863B6 /* CustomTextField.swift in Sources */,
				D5F710B02DF284CB00F2CE3B /* FlowerStandStep1ViewModel.swift in Sources */,
				D595C30C2DF3766000F484A1 /* FlowerLoadingViewModel.swift in Sources */,
				D59F7C562DEAF20600A829A8 /* chukapokaApp.swift in Sources */,
				CA0B87F02DF021F50001F120 /* FlowerstandStep1.swift in Sources */,
				D5B38C3C2DF045FB005DAFDC /* PartyCardActionIcons.swift in Sources */,
				38A09B532DF431AC0066E434 /* OCRManager.swift in Sources */,
				D574E9DC2DED8E2E00AAF70F /* GSColor.swift in Sources */,
				D5B38C642DF0AB04005DAFDC /* PartyCardBackContainer.swift in Sources */,
				CA5EAAE02DF5648300690A03 /* View+Extension.swift in Sources */,
				CA064B222DF05DE60048F794 /* FlowerstandStep3.swift in Sources */,
				CA5EAACF2DF483C400690A03 /* ShowFlowerstandCardsView.swift in Sources */,
				D574E9DA2DED8A6500AAF70F /* GSFont.swift in Sources */,
				D51C80D52DEF6B890051CB40 /* Party.swift in Sources */,
				D5B38C592DF09A11005DAFDC /* PartyCardBackground.swift in Sources */,
				D5B38C482DF04775005DAFDC /* PartyCardModel.swift in Sources */,
				D5B38C532DF06D59005DAFDC /* ActionIconButton.swift in Sources */,
				D5B38C402DF04733005DAFDC /* PartyCardInfoText.swift in Sources */,
				38AA40C92DF38D27004D5EC9 /* PhotoPickerView.swift in Sources */,
				D5E9ADA12DF5DC0700CDB444 /* FlippableBackCardView.swift in Sources */,
				38AA40C92DF38D27004D5EC9 /* ImagePickerView.swift in Sources */,
				D5F710AE2DF13C9D00F2CE3B /* CreateFlowerstandViewModel.swift in Sources */,
				CA5EAA632DF2C34200690A03 /* CustomProgressView.swift in Sources */,
				CA5EAA642DF2C34200690A03 /* InfoStep1View.swift in Sources */,
				CA5EAA652DF2C34200690A03 /* InfoStep3View.swift in Sources */,
				CA5EAA662DF2C34200690A03 /* InfoStep2View.swift in Sources */,
				38A09B572DF4A9090066E434 /* InvitationOCRView.swift in Sources */,
				55512E1E2DEEFB3300433ED8 /* InfoLoadingView.swift in Sources */,
				D574E9B12DED7FA000AAF70F /* PrimaryButton.swift in Sources */,
				CA5EAAAF2DF4286900690A03 /* ReceiveCongratsView.swift in Sources */,
				D51C80C32DEF48210051CB40 /* HomeIntroText.swift in Sources */,
				38AA40D92DF38DE2004D5EC9 /* InputCodeButtonView.swift in Sources */,
				38AA40DA2DF38DE2004D5EC9 /* CodeInputField.swift in Sources */,
				CA5EAAC52DF4486800690A03 /* CardMemberListMemberSectionScrollView.swift in Sources */,
				CA5EAAC12DF430F800690A03 /* CardMemberListMemberSection.swift in Sources */,
				38AA40DB2DF38DE2004D5EC9 /* InputCodeHeaderView.swift in Sources */,
				38AA40DC2DF38DE2004D5EC9 /* InputCodeView.swift in Sources */,
				38AA40DD2DF38DE2004D5EC9 /* InputCodeFieldView.swift in Sources */,
				CA5EAA752DF2CA5D00690A03 /* LeftText.swift in Sources */,
				CA5EAA762DF2CA5D00690A03 /* RightText.swift in Sources */,
				CA064B332DF07AF40048F794 /* FlowerstandStep4.swift in Sources */,
				CA0B87EE2DF021B80001F120 /* CircleProgress.swift in Sources */,
				CA5EAAC32DF443C300690A03 /* ReceiveCongratsCardFlipView.swift in Sources */,
				D5F2EDB72DF5E254003D1291 /* HomeCardScrollView.swift in Sources */,
				D5B38C4F2DF05A2C005DAFDC /* PartyCardGroupName.swift in Sources */,
				38A09B672DF59B3F0066E434 /* OCRTextParser.swift in Sources */,
				D59F7C782DEB006200A829A8 /* HomeView.swift in Sources */,
				CA5EAA4A2DF2C06F00690A03 /* CreateGroupView.swift in Sources */,
				38AA40CC2DF38D44004D5EC9 /* OCRViewModel.swift in Sources */,
				CA0B87F22DF022070001F120 /* FlowerstandStep2.swift in Sources */,
				CA5EAAD82DF4897400690A03 /* FlowerstandCardItem.swift in Sources */,
				D56CD4042DEF3BFD002267B1 /* GSImage.swift in Sources */,
				CA5EAAD42DF483FC00690A03 /* FlowerstandCardList.swift in Sources */,
				38AA40E62DF38DF0004D5EC9 /* LottieView.swift in Sources */,
				CA5EAAB32DF4288E00690A03 /* ReceiveCongratsCardContainer.swift in Sources */,
				38AA40E72DF38DF0004D5EC9 /* NoticeStep1.swift in Sources */,
				38AA40E82DF38DF0004D5EC9 /* NoticeStep2.swift in Sources */,
				38AA40E92DF38DF0004D5EC9 /* SkipView.swift in Sources */,
				CA5EAAB12DF4287A00690A03 /* ReceiveCongratsCardFrontView.swift in Sources */,
				38AA40EA2DF38DF0004D5EC9 /* OnboardingView.swift in Sources */,
				CA2C4A4B2DF0525000D8E170 /* CardDecorationPicker.swift in Sources */,
				38A09B652DF578B90066E434 /* PhotoScanView.swift in Sources */,
				D51C80C52DEF482A0051CB40 /* HomeChracterImage.swift in Sources */,
				D5B38C442DF0475A005DAFDC /* PartyCardStyle.swift in Sources */,
				D5F2EDBE2DF5E798003D1291 /* MultiCardViewModel.swift in Sources */,
				D5E9FCD02DF2E145000859A6 /* NavigationBar.swift in Sources */,
				D59F7C762DEAF6E100A829A8 /* AppRoute.swift in Sources */,
				D5B38C3E2DF04621005DAFDC /* PartyCardTitle.swift in Sources */,
				D59F7C702DEAF69400A829A8 /* Constants.swift in Sources */,
				CA064B262DF061AD0048F794 /* SelectedFlowerGroup.swift in Sources */,
				D5F710B22DF28D1500F2CE3B /* FlowerStandStep2ViewModel.swift in Sources */,
				D5E9AD9A2DF5D71500CDB444 /* FlippableCardView.swift in Sources */,
				D5B38C5B2DF09B3F005DAFDC /* PartyCardContainer.swift in Sources */,
				D5ED63172DED427B007912E1 /* RootNavigationView.swift in Sources */,
				D51C80CB2DEF487F0051CB40 /* HomeBottomButtons.swift in Sources */,
				CA064B2E2DF074040048F794 /* CreateRibbonMessage.swift in Sources */,
				CA5EAAB52DF4289F00690A03 /* ReceiveCongratsViewModel.swift in Sources */,
				D59F7C812DEB09C200A829A8 /* EnterCodeView.swift in Sources */,
				CA064B352DF07B090048F794 /* FlowerLoadingView.swift in Sources */,
				CA5EAADA2DF48E6600690A03 /* SelectedCardDetailView.swift in Sources */,
				D5E9AD9F2DF5DBD300CDB444 /* FlippableFrontCardView.swift in Sources */,
				CA2C4A492DF0513700D8E170 /* FlowerstandCardView.swift in Sources */,
				D51C80D32DEF6B820051CB40 /* Wedding.swift in Sources */,
				D5F2EDB92DF5E6B7003D1291 /* SingleCardView.swift in Sources */,
				CA5EAA712DF2CA5800690A03 /* FinishFlowerstandCard.swift in Sources */,
				CA5EAAB92DF4292100690A03 /* ReceiveCongratsCardBackView.swift in Sources */,
				38AA40CF2DF38D77004D5EC9 /* FlowerstandCardData.swift in Sources */,
				CA0B87EC2DF0217A0001F120 /* CreateFlowerstandView.swift in Sources */,
				D5F710B42DF28D9800F2CE3B /* FlowerStandStep3ViewModel.swift in Sources */,
				D5E9AD922DF5A7E400CDB444 /* HomeNormalView.swift in Sources */,
				D574E9DE2DEDEE3500AAF70F /* PairButton.swift in Sources */,
				CA5EAAD12DF483DC00690A03 /* FlowerstandCard.swift in Sources */,
			);
			runOnlyForDeploymentPostprocessing = 0;
		};
		D59F7C302DEAEB3700A829A8 /* Sources */ = {
			isa = PBXSourcesBuildPhase;
			buildActionMask = 2147483647;
			files = (
			);
			runOnlyForDeploymentPostprocessing = 0;
		};
		D59F7C3A2DEAEB3700A829A8 /* Sources */ = {
			isa = PBXSourcesBuildPhase;
			buildActionMask = 2147483647;
			files = (
			);
			runOnlyForDeploymentPostprocessing = 0;
		};
/* End PBXSourcesBuildPhase section */

/* Begin PBXTargetDependency section */
		D59F7C362DEAEB3700A829A8 /* PBXTargetDependency */ = {
			isa = PBXTargetDependency;
			target = D59F7C212DEAEB3600A829A8 /* chukapoka */;
			targetProxy = D59F7C352DEAEB3700A829A8 /* PBXContainerItemProxy */;
		};
		D59F7C402DEAEB3700A829A8 /* PBXTargetDependency */ = {
			isa = PBXTargetDependency;
			target = D59F7C212DEAEB3600A829A8 /* chukapoka */;
			targetProxy = D59F7C3F2DEAEB3700A829A8 /* PBXContainerItemProxy */;
		};
/* End PBXTargetDependency section */

/* Begin XCBuildConfiguration section */
		D59F7C462DEAEB3700A829A8 /* Debug */ = {
			isa = XCBuildConfiguration;
			buildSettings = {
				ALWAYS_SEARCH_USER_PATHS = NO;
				ASSETCATALOG_COMPILER_GENERATE_SWIFT_ASSET_SYMBOL_EXTENSIONS = YES;
				CLANG_ANALYZER_NONNULL = YES;
				CLANG_ANALYZER_NUMBER_OBJECT_CONVERSION = YES_AGGRESSIVE;
				CLANG_CXX_LANGUAGE_STANDARD = "gnu++20";
				CLANG_ENABLE_MODULES = YES;
				CLANG_ENABLE_OBJC_ARC = YES;
				CLANG_ENABLE_OBJC_WEAK = YES;
				CLANG_WARN_BLOCK_CAPTURE_AUTORELEASING = YES;
				CLANG_WARN_BOOL_CONVERSION = YES;
				CLANG_WARN_COMMA = YES;
				CLANG_WARN_CONSTANT_CONVERSION = YES;
				CLANG_WARN_DEPRECATED_OBJC_IMPLEMENTATIONS = YES;
				CLANG_WARN_DIRECT_OBJC_ISA_USAGE = YES_ERROR;
				CLANG_WARN_DOCUMENTATION_COMMENTS = YES;
				CLANG_WARN_EMPTY_BODY = YES;
				CLANG_WARN_ENUM_CONVERSION = YES;
				CLANG_WARN_INFINITE_RECURSION = YES;
				CLANG_WARN_INT_CONVERSION = YES;
				CLANG_WARN_NON_LITERAL_NULL_CONVERSION = YES;
				CLANG_WARN_OBJC_IMPLICIT_RETAIN_SELF = YES;
				CLANG_WARN_OBJC_LITERAL_CONVERSION = YES;
				CLANG_WARN_OBJC_ROOT_CLASS = YES_ERROR;
				CLANG_WARN_QUOTED_INCLUDE_IN_FRAMEWORK_HEADER = YES;
				CLANG_WARN_RANGE_LOOP_ANALYSIS = YES;
				CLANG_WARN_STRICT_PROTOTYPES = YES;
				CLANG_WARN_SUSPICIOUS_MOVE = YES;
				CLANG_WARN_UNGUARDED_AVAILABILITY = YES_AGGRESSIVE;
				CLANG_WARN_UNREACHABLE_CODE = YES;
				CLANG_WARN__DUPLICATE_METHOD_MATCH = YES;
				COPY_PHASE_STRIP = NO;
				DEBUG_INFORMATION_FORMAT = dwarf;
				ENABLE_STRICT_OBJC_MSGSEND = YES;
				ENABLE_TESTABILITY = YES;
				ENABLE_USER_SCRIPT_SANDBOXING = NO;
				GCC_C_LANGUAGE_STANDARD = gnu17;
				GCC_DYNAMIC_NO_PIC = NO;
				GCC_NO_COMMON_BLOCKS = YES;
				GCC_OPTIMIZATION_LEVEL = 0;
				GCC_PREPROCESSOR_DEFINITIONS = (
					"DEBUG=1",
					"$(inherited)",
				);
				GCC_WARN_64_TO_32_BIT_CONVERSION = YES;
				GCC_WARN_ABOUT_RETURN_TYPE = YES_ERROR;
				GCC_WARN_UNDECLARED_SELECTOR = YES;
				GCC_WARN_UNINITIALIZED_AUTOS = YES_AGGRESSIVE;
				GCC_WARN_UNUSED_FUNCTION = YES;
				GCC_WARN_UNUSED_VARIABLE = YES;
				IPHONEOS_DEPLOYMENT_TARGET = 18.2;
				LOCALIZATION_PREFERS_STRING_CATALOGS = YES;
				MTL_ENABLE_DEBUG_INFO = INCLUDE_SOURCE;
				MTL_FAST_MATH = YES;
				ONLY_ACTIVE_ARCH = YES;
				SDKROOT = iphoneos;
				SWIFT_ACTIVE_COMPILATION_CONDITIONS = "DEBUG $(inherited)";
				SWIFT_OPTIMIZATION_LEVEL = "-Onone";
			};
			name = Debug;
		};
		D59F7C472DEAEB3700A829A8 /* Release */ = {
			isa = XCBuildConfiguration;
			buildSettings = {
				ALWAYS_SEARCH_USER_PATHS = NO;
				ASSETCATALOG_COMPILER_GENERATE_SWIFT_ASSET_SYMBOL_EXTENSIONS = YES;
				CLANG_ANALYZER_NONNULL = YES;
				CLANG_ANALYZER_NUMBER_OBJECT_CONVERSION = YES_AGGRESSIVE;
				CLANG_CXX_LANGUAGE_STANDARD = "gnu++20";
				CLANG_ENABLE_MODULES = YES;
				CLANG_ENABLE_OBJC_ARC = YES;
				CLANG_ENABLE_OBJC_WEAK = YES;
				CLANG_WARN_BLOCK_CAPTURE_AUTORELEASING = YES;
				CLANG_WARN_BOOL_CONVERSION = YES;
				CLANG_WARN_COMMA = YES;
				CLANG_WARN_CONSTANT_CONVERSION = YES;
				CLANG_WARN_DEPRECATED_OBJC_IMPLEMENTATIONS = YES;
				CLANG_WARN_DIRECT_OBJC_ISA_USAGE = YES_ERROR;
				CLANG_WARN_DOCUMENTATION_COMMENTS = YES;
				CLANG_WARN_EMPTY_BODY = YES;
				CLANG_WARN_ENUM_CONVERSION = YES;
				CLANG_WARN_INFINITE_RECURSION = YES;
				CLANG_WARN_INT_CONVERSION = YES;
				CLANG_WARN_NON_LITERAL_NULL_CONVERSION = YES;
				CLANG_WARN_OBJC_IMPLICIT_RETAIN_SELF = YES;
				CLANG_WARN_OBJC_LITERAL_CONVERSION = YES;
				CLANG_WARN_OBJC_ROOT_CLASS = YES_ERROR;
				CLANG_WARN_QUOTED_INCLUDE_IN_FRAMEWORK_HEADER = YES;
				CLANG_WARN_RANGE_LOOP_ANALYSIS = YES;
				CLANG_WARN_STRICT_PROTOTYPES = YES;
				CLANG_WARN_SUSPICIOUS_MOVE = YES;
				CLANG_WARN_UNGUARDED_AVAILABILITY = YES_AGGRESSIVE;
				CLANG_WARN_UNREACHABLE_CODE = YES;
				CLANG_WARN__DUPLICATE_METHOD_MATCH = YES;
				COPY_PHASE_STRIP = NO;
				DEBUG_INFORMATION_FORMAT = "dwarf-with-dsym";
				ENABLE_NS_ASSERTIONS = NO;
				ENABLE_STRICT_OBJC_MSGSEND = YES;
				ENABLE_USER_SCRIPT_SANDBOXING = NO;
				GCC_C_LANGUAGE_STANDARD = gnu17;
				GCC_NO_COMMON_BLOCKS = YES;
				GCC_WARN_64_TO_32_BIT_CONVERSION = YES;
				GCC_WARN_ABOUT_RETURN_TYPE = YES_ERROR;
				GCC_WARN_UNDECLARED_SELECTOR = YES;
				GCC_WARN_UNINITIALIZED_AUTOS = YES_AGGRESSIVE;
				GCC_WARN_UNUSED_FUNCTION = YES;
				GCC_WARN_UNUSED_VARIABLE = YES;
				IPHONEOS_DEPLOYMENT_TARGET = 18.2;
				LOCALIZATION_PREFERS_STRING_CATALOGS = YES;
				MTL_ENABLE_DEBUG_INFO = NO;
				MTL_FAST_MATH = YES;
				SDKROOT = iphoneos;
				SWIFT_COMPILATION_MODE = wholemodule;
				VALIDATE_PRODUCT = YES;
			};
			name = Release;
		};
		D59F7C492DEAEB3700A829A8 /* Debug */ = {
			isa = XCBuildConfiguration;
			buildSettings = {
				ASSETCATALOG_COMPILER_APPICON_NAME = AppIcon;
				ASSETCATALOG_COMPILER_GLOBAL_ACCENT_COLOR_NAME = AccentColor;
				CODE_SIGN_STYLE = Automatic;
				CURRENT_PROJECT_VERSION = 1;
				DEVELOPMENT_ASSET_PATHS = "";
				DEVELOPMENT_TEAM = 6TW9MCXPJD;
				DEVELOPMENT_TEAM = 9S8SHSW95K;
				ENABLE_PREVIEWS = YES;
				GENERATE_INFOPLIST_FILE = YES;
				INFOPLIST_FILE = chukapoka/Info.plist;
				INFOPLIST_KEY_UIApplicationSceneManifest_Generation = YES;
				INFOPLIST_KEY_UIApplicationSupportsIndirectInputEvents = YES;
				INFOPLIST_KEY_UILaunchScreen_Generation = YES;
				INFOPLIST_KEY_UISupportedInterfaceOrientations_iPad = "UIInterfaceOrientationPortrait UIInterfaceOrientationPortraitUpsideDown UIInterfaceOrientationLandscapeLeft UIInterfaceOrientationLandscapeRight";
				INFOPLIST_KEY_UISupportedInterfaceOrientations_iPhone = "UIInterfaceOrientationPortrait UIInterfaceOrientationLandscapeLeft UIInterfaceOrientationLandscapeRight";
				LD_RUNPATH_SEARCH_PATHS = (
					"$(inherited)",
					"@executable_path/Frameworks",
				);
				MARKETING_VERSION = 1.0;
				PRODUCT_BUNDLE_IDENTIFIER = com.GMYoo.chukapoka;
				PRODUCT_NAME = "$(TARGET_NAME)";
				SWIFT_EMIT_LOC_STRINGS = YES;
				SWIFT_VERSION = 5.0;
				TARGETED_DEVICE_FAMILY = "1,2";
			};
			name = Debug;
		};
		D59F7C4A2DEAEB3700A829A8 /* Release */ = {
			isa = XCBuildConfiguration;
			buildSettings = {
				ASSETCATALOG_COMPILER_APPICON_NAME = AppIcon;
				ASSETCATALOG_COMPILER_GLOBAL_ACCENT_COLOR_NAME = AccentColor;
				CODE_SIGN_STYLE = Automatic;
				CURRENT_PROJECT_VERSION = 1;
				DEVELOPMENT_ASSET_PATHS = "";
				DEVELOPMENT_TEAM = 6TW9MCXPJD;
				DEVELOPMENT_TEAM = 9S8SHSW95K;
				ENABLE_PREVIEWS = YES;
				GENERATE_INFOPLIST_FILE = YES;
				INFOPLIST_FILE = chukapoka/Info.plist;
				INFOPLIST_KEY_UIApplicationSceneManifest_Generation = YES;
				INFOPLIST_KEY_UIApplicationSupportsIndirectInputEvents = YES;
				INFOPLIST_KEY_UILaunchScreen_Generation = YES;
				INFOPLIST_KEY_UISupportedInterfaceOrientations_iPad = "UIInterfaceOrientationPortrait UIInterfaceOrientationPortraitUpsideDown UIInterfaceOrientationLandscapeLeft UIInterfaceOrientationLandscapeRight";
				INFOPLIST_KEY_UISupportedInterfaceOrientations_iPhone = "UIInterfaceOrientationPortrait UIInterfaceOrientationLandscapeLeft UIInterfaceOrientationLandscapeRight";
				LD_RUNPATH_SEARCH_PATHS = (
					"$(inherited)",
					"@executable_path/Frameworks",
				);
				MARKETING_VERSION = 1.0;
				PRODUCT_BUNDLE_IDENTIFIER = com.GMYoo.chukapoka;
				PRODUCT_NAME = "$(TARGET_NAME)";
				SWIFT_EMIT_LOC_STRINGS = YES;
				SWIFT_VERSION = 5.0;
				TARGETED_DEVICE_FAMILY = "1,2";
			};
			name = Release;
		};
		D59F7C4C2DEAEB3700A829A8 /* Debug */ = {
			isa = XCBuildConfiguration;
			buildSettings = {
				BUNDLE_LOADER = "$(TEST_HOST)";
				CODE_SIGN_STYLE = Automatic;
				CURRENT_PROJECT_VERSION = 1;
				DEVELOPMENT_TEAM = 9S8SHSW95K;
				GENERATE_INFOPLIST_FILE = YES;
				IPHONEOS_DEPLOYMENT_TARGET = 18.2;
				MARKETING_VERSION = 1.0;
				PRODUCT_BUNDLE_IDENTIFIER = com.GMYoo.chukapokaTests;
				PRODUCT_NAME = "$(TARGET_NAME)";
				SWIFT_EMIT_LOC_STRINGS = NO;
				SWIFT_VERSION = 5.0;
				TARGETED_DEVICE_FAMILY = "1,2";
				TEST_HOST = "$(BUILT_PRODUCTS_DIR)/chukapoka.app/$(BUNDLE_EXECUTABLE_FOLDER_PATH)/chukapoka";
			};
			name = Debug;
		};
		D59F7C4D2DEAEB3700A829A8 /* Release */ = {
			isa = XCBuildConfiguration;
			buildSettings = {
				BUNDLE_LOADER = "$(TEST_HOST)";
				CODE_SIGN_STYLE = Automatic;
				CURRENT_PROJECT_VERSION = 1;
				DEVELOPMENT_TEAM = 9S8SHSW95K;
				GENERATE_INFOPLIST_FILE = YES;
				IPHONEOS_DEPLOYMENT_TARGET = 18.2;
				MARKETING_VERSION = 1.0;
				PRODUCT_BUNDLE_IDENTIFIER = com.GMYoo.chukapokaTests;
				PRODUCT_NAME = "$(TARGET_NAME)";
				SWIFT_EMIT_LOC_STRINGS = NO;
				SWIFT_VERSION = 5.0;
				TARGETED_DEVICE_FAMILY = "1,2";
				TEST_HOST = "$(BUILT_PRODUCTS_DIR)/chukapoka.app/$(BUNDLE_EXECUTABLE_FOLDER_PATH)/chukapoka";
			};
			name = Release;
		};
		D59F7C4F2DEAEB3700A829A8 /* Debug */ = {
			isa = XCBuildConfiguration;
			buildSettings = {
				CODE_SIGN_STYLE = Automatic;
				CURRENT_PROJECT_VERSION = 1;
				DEVELOPMENT_TEAM = 9S8SHSW95K;
				GENERATE_INFOPLIST_FILE = YES;
				MARKETING_VERSION = 1.0;
				PRODUCT_BUNDLE_IDENTIFIER = com.GMYoo.chukapokaUITests;
				PRODUCT_NAME = "$(TARGET_NAME)";
				SWIFT_EMIT_LOC_STRINGS = NO;
				SWIFT_VERSION = 5.0;
				TARGETED_DEVICE_FAMILY = "1,2";
				TEST_TARGET_NAME = chukapoka;
			};
			name = Debug;
		};
		D59F7C502DEAEB3700A829A8 /* Release */ = {
			isa = XCBuildConfiguration;
			buildSettings = {
				CODE_SIGN_STYLE = Automatic;
				CURRENT_PROJECT_VERSION = 1;
				DEVELOPMENT_TEAM = 9S8SHSW95K;
				GENERATE_INFOPLIST_FILE = YES;
				MARKETING_VERSION = 1.0;
				PRODUCT_BUNDLE_IDENTIFIER = com.GMYoo.chukapokaUITests;
				PRODUCT_NAME = "$(TARGET_NAME)";
				SWIFT_EMIT_LOC_STRINGS = NO;
				SWIFT_VERSION = 5.0;
				TARGETED_DEVICE_FAMILY = "1,2";
				TEST_TARGET_NAME = chukapoka;
			};
			name = Release;
		};
/* End XCBuildConfiguration section */

/* Begin XCConfigurationList section */
		D59F7C1D2DEAEB3600A829A8 /* Build configuration list for PBXProject "chukapoka" */ = {
			isa = XCConfigurationList;
			buildConfigurations = (
				D59F7C462DEAEB3700A829A8 /* Debug */,
				D59F7C472DEAEB3700A829A8 /* Release */,
			);
			defaultConfigurationIsVisible = 0;
			defaultConfigurationName = Release;
		};
		D59F7C482DEAEB3700A829A8 /* Build configuration list for PBXNativeTarget "chukapoka" */ = {
			isa = XCConfigurationList;
			buildConfigurations = (
				D59F7C492DEAEB3700A829A8 /* Debug */,
				D59F7C4A2DEAEB3700A829A8 /* Release */,
			);
			defaultConfigurationIsVisible = 0;
			defaultConfigurationName = Release;
		};
		D59F7C4B2DEAEB3700A829A8 /* Build configuration list for PBXNativeTarget "chukapokaTests" */ = {
			isa = XCConfigurationList;
			buildConfigurations = (
				D59F7C4C2DEAEB3700A829A8 /* Debug */,
				D59F7C4D2DEAEB3700A829A8 /* Release */,
			);
			defaultConfigurationIsVisible = 0;
			defaultConfigurationName = Release;
		};
		D59F7C4E2DEAEB3700A829A8 /* Build configuration list for PBXNativeTarget "chukapokaUITests" */ = {
			isa = XCConfigurationList;
			buildConfigurations = (
				D59F7C4F2DEAEB3700A829A8 /* Debug */,
				D59F7C502DEAEB3700A829A8 /* Release */,
			);
			defaultConfigurationIsVisible = 0;
			defaultConfigurationName = Release;
		};
/* End XCConfigurationList section */

/* Begin XCRemoteSwiftPackageReference section */
		CA5EAAAA2DF41B2B00690A03 /* XCRemoteSwiftPackageReference "lottie-ios" */ = {
			isa = XCRemoteSwiftPackageReference;
			repositoryURL = "https://github.com/airbnb/lottie-ios.git";
			requirement = {
				kind = upToNextMajorVersion;
				minimumVersion = 4.5.2;
			};
		};
/* End XCRemoteSwiftPackageReference section */

/* Begin XCSwiftPackageProductDependency section */
		CA5EAAAB2DF41B2B00690A03 /* Lottie */ = {
			isa = XCSwiftPackageProductDependency;
			package = CA5EAAAA2DF41B2B00690A03 /* XCRemoteSwiftPackageReference "lottie-ios" */;
			productName = Lottie;
		};
/* End XCSwiftPackageProductDependency section */
	};
	rootObject = D59F7C1A2DEAEB3600A829A8 /* Project object */;
}
