// !$*UTF8*$!
{
	archiveVersion = 1;
	classes = {
	};
	objectVersion = 77;
	objects = {

/* Begin PBXBuildFile section */
		55512E272DEF1DD200433ED8 /* InputPayment.swift in Sources */ = {isa = PBXBuildFile; fileRef = 55512E262DEF1DD200433ED8 /* InputPayment.swift */; };
		D574E9B12DED7FA000AAF70F /* PrimaryButton.swift in Sources */ = {isa = PBXBuildFile; fileRef = D574E9B02DED7F9400AAF70F /* PrimaryButton.swift */; };
		D574E9D02DED897A00AAF70F /* Pretendard-Black.otf in Resources */ = {isa = PBXBuildFile; fileRef = D574E9C62DED897A00AAF70F /* Pretendard-Black.otf */; };
		D574E9D12DED897A00AAF70F /* Pretendard-Bold.otf in Resources */ = {isa = PBXBuildFile; fileRef = D574E9C72DED897A00AAF70F /* Pretendard-Bold.otf */; };
		D574E9D22DED897A00AAF70F /* Pretendard-ExtraBold.otf in Resources */ = {isa = PBXBuildFile; fileRef = D574E9C82DED897A00AAF70F /* Pretendard-ExtraBold.otf */; };
		D574E9D32DED897A00AAF70F /* Pretendard-ExtraLight.otf in Resources */ = {isa = PBXBuildFile; fileRef = D574E9C92DED897A00AAF70F /* Pretendard-ExtraLight.otf */; };
		D574E9D42DED897A00AAF70F /* Pretendard-Light.otf in Resources */ = {isa = PBXBuildFile; fileRef = D574E9CA2DED897A00AAF70F /* Pretendard-Light.otf */; };
		D574E9D52DED897A00AAF70F /* Pretendard-Medium.otf in Resources */ = {isa = PBXBuildFile; fileRef = D574E9CB2DED897A00AAF70F /* Pretendard-Medium.otf */; };
		D574E9D62DED897A00AAF70F /* Pretendard-Regular.otf in Resources */ = {isa = PBXBuildFile; fileRef = D574E9CC2DED897A00AAF70F /* Pretendard-Regular.otf */; };
		D574E9D72DED897A00AAF70F /* Pretendard-SemiBold.otf in Resources */ = {isa = PBXBuildFile; fileRef = D574E9CD2DED897A00AAF70F /* Pretendard-SemiBold.otf */; };
		D574E9D82DED897A00AAF70F /* Pretendard-Thin.otf in Resources */ = {isa = PBXBuildFile; fileRef = D574E9CE2DED897A00AAF70F /* Pretendard-Thin.otf */; };
		D574E9DA2DED8A6500AAF70F /* GSFont.swift in Sources */ = {isa = PBXBuildFile; fileRef = D574E9D92DED8A5C00AAF70F /* GSFont.swift */; };
		D574E9DC2DED8E2E00AAF70F /* GSColor.swift in Sources */ = {isa = PBXBuildFile; fileRef = D574E9DB2DED8E2900AAF70F /* GSColor.swift */; };
		D574E9DE2DEDEE3500AAF70F /* PairButton.swift in Sources */ = {isa = PBXBuildFile; fileRef = D574E9DD2DEDEDE300AAF70F /* PairButton.swift */; };
		D59F7C552DEAF20600A829A8 /* Assets.xcassets in Resources */ = {isa = PBXBuildFile; fileRef = D59F7C512DEAF20600A829A8 /* Assets.xcassets */; };
		D59F7C562DEAF20600A829A8 /* chukapokaApp.swift in Sources */ = {isa = PBXBuildFile; fileRef = D59F7C522DEAF20600A829A8 /* chukapokaApp.swift */; };
		D59F7C642DEAF56D00A829A8 /* AppDelegate.swift in Sources */ = {isa = PBXBuildFile; fileRef = D59F7C632DEAF56700A829A8 /* AppDelegate.swift */; };
		D59F7C702DEAF69400A829A8 /* Constants.swift in Sources */ = {isa = PBXBuildFile; fileRef = D59F7C6F2DEAF69200A829A8 /* Constants.swift */; };
		D59F7C742DEAF6D600A829A8 /* AppCoordinator.swift in Sources */ = {isa = PBXBuildFile; fileRef = D59F7C732DEAF6CA00A829A8 /* AppCoordinator.swift */; };
		D59F7C762DEAF6E100A829A8 /* AppRoute.swift in Sources */ = {isa = PBXBuildFile; fileRef = D59F7C752DEAF6DF00A829A8 /* AppRoute.swift */; };
		D59F7C782DEB006200A829A8 /* HomeView.swift in Sources */ = {isa = PBXBuildFile; fileRef = D59F7C772DEB005E00A829A8 /* HomeView.swift */; };
		D59F7C7D2DEB00ED00A829A8 /* InfoStep1View.swift in Sources */ = {isa = PBXBuildFile; fileRef = D59F7C7C2DEB00E000A829A8 /* InfoStep1View.swift */; };
		D59F7C7F2DEB019700A829A8 /* GroupCreateViewModel.swift in Sources */ = {isa = PBXBuildFile; fileRef = D59F7C7E2DEB019100A829A8 /* GroupCreateViewModel.swift */; };
		D59F7C812DEB09C200A829A8 /* EnterCodeView.swift in Sources */ = {isa = PBXBuildFile; fileRef = D59F7C802DEB09BF00A829A8 /* EnterCodeView.swift */; };
		D5ED63172DED427B007912E1 /* RootNavigationView.swift in Sources */ = {isa = PBXBuildFile; fileRef = D5ED63162DED427B007912E1 /* RootNavigationView.swift */; };
/* End PBXBuildFile section */

/* Begin PBXContainerItemProxy section */
		D59F7C352DEAEB3700A829A8 /* PBXContainerItemProxy */ = {
			isa = PBXContainerItemProxy;
			containerPortal = D59F7C1A2DEAEB3600A829A8 /* Project object */;
			proxyType = 1;
			remoteGlobalIDString = D59F7C212DEAEB3600A829A8;
			remoteInfo = chukapoka;
		};
		D59F7C3F2DEAEB3700A829A8 /* PBXContainerItemProxy */ = {
			isa = PBXContainerItemProxy;
			containerPortal = D59F7C1A2DEAEB3600A829A8 /* Project object */;
			proxyType = 1;
			remoteGlobalIDString = D59F7C212DEAEB3600A829A8;
			remoteInfo = chukapoka;
		};
/* End PBXContainerItemProxy section */

/* Begin PBXFileReference section */
		55512E262DEF1DD200433ED8 /* InputPayment.swift */ = {isa = PBXFileReference; lastKnownFileType = sourcecode.swift; path = InputPayment.swift; sourceTree = "<group>"; };
		D574E9B02DED7F9400AAF70F /* PrimaryButton.swift */ = {isa = PBXFileReference; lastKnownFileType = sourcecode.swift; path = PrimaryButton.swift; sourceTree = "<group>"; };
		D574E9C52DED890000AAF70F /* Info.plist */ = {isa = PBXFileReference; lastKnownFileType = text.plist; path = Info.plist; sourceTree = "<group>"; };
		D574E9C62DED897A00AAF70F /* Pretendard-Black.otf */ = {isa = PBXFileReference; lastKnownFileType = file; path = "Pretendard-Black.otf"; sourceTree = "<group>"; };
		D574E9C72DED897A00AAF70F /* Pretendard-Bold.otf */ = {isa = PBXFileReference; lastKnownFileType = file; path = "Pretendard-Bold.otf"; sourceTree = "<group>"; };
		D574E9C82DED897A00AAF70F /* Pretendard-ExtraBold.otf */ = {isa = PBXFileReference; lastKnownFileType = file; path = "Pretendard-ExtraBold.otf"; sourceTree = "<group>"; };
		D574E9C92DED897A00AAF70F /* Pretendard-ExtraLight.otf */ = {isa = PBXFileReference; lastKnownFileType = file; path = "Pretendard-ExtraLight.otf"; sourceTree = "<group>"; };
		D574E9CA2DED897A00AAF70F /* Pretendard-Light.otf */ = {isa = PBXFileReference; lastKnownFileType = file; path = "Pretendard-Light.otf"; sourceTree = "<group>"; };
		D574E9CB2DED897A00AAF70F /* Pretendard-Medium.otf */ = {isa = PBXFileReference; lastKnownFileType = file; path = "Pretendard-Medium.otf"; sourceTree = "<group>"; };
		D574E9CC2DED897A00AAF70F /* Pretendard-Regular.otf */ = {isa = PBXFileReference; lastKnownFileType = file; path = "Pretendard-Regular.otf"; sourceTree = "<group>"; };
		D574E9CD2DED897A00AAF70F /* Pretendard-SemiBold.otf */ = {isa = PBXFileReference; lastKnownFileType = file; path = "Pretendard-SemiBold.otf"; sourceTree = "<group>"; };
		D574E9CE2DED897A00AAF70F /* Pretendard-Thin.otf */ = {isa = PBXFileReference; lastKnownFileType = file; path = "Pretendard-Thin.otf"; sourceTree = "<group>"; };
		D574E9D92DED8A5C00AAF70F /* GSFont.swift */ = {isa = PBXFileReference; lastKnownFileType = sourcecode.swift; path = GSFont.swift; sourceTree = "<group>"; };
		D574E9DB2DED8E2900AAF70F /* GSColor.swift */ = {isa = PBXFileReference; lastKnownFileType = sourcecode.swift; path = GSColor.swift; sourceTree = "<group>"; };
		D574E9DD2DEDEDE300AAF70F /* PairButton.swift */ = {isa = PBXFileReference; lastKnownFileType = sourcecode.swift; path = PairButton.swift; sourceTree = "<group>"; };
		D59F7C222DEAEB3600A829A8 /* chukapoka.app */ = {isa = PBXFileReference; explicitFileType = wrapper.application; includeInIndex = 0; path = chukapoka.app; sourceTree = BUILT_PRODUCTS_DIR; };
		D59F7C342DEAEB3700A829A8 /* chukapokaTests.xctest */ = {isa = PBXFileReference; explicitFileType = wrapper.cfbundle; includeInIndex = 0; path = chukapokaTests.xctest; sourceTree = BUILT_PRODUCTS_DIR; };
		D59F7C3E2DEAEB3700A829A8 /* chukapokaUITests.xctest */ = {isa = PBXFileReference; explicitFileType = wrapper.cfbundle; includeInIndex = 0; path = chukapokaUITests.xctest; sourceTree = BUILT_PRODUCTS_DIR; };
		D59F7C512DEAF20600A829A8 /* Assets.xcassets */ = {isa = PBXFileReference; lastKnownFileType = folder.assetcatalog; path = Assets.xcassets; sourceTree = "<group>"; };
		D59F7C522DEAF20600A829A8 /* chukapokaApp.swift */ = {isa = PBXFileReference; lastKnownFileType = sourcecode.swift; path = chukapokaApp.swift; sourceTree = "<group>"; };
		D59F7C632DEAF56700A829A8 /* AppDelegate.swift */ = {isa = PBXFileReference; lastKnownFileType = sourcecode.swift; path = AppDelegate.swift; sourceTree = "<group>"; };
		D59F7C6F2DEAF69200A829A8 /* Constants.swift */ = {isa = PBXFileReference; lastKnownFileType = sourcecode.swift; path = Constants.swift; sourceTree = "<group>"; };
		D59F7C732DEAF6CA00A829A8 /* AppCoordinator.swift */ = {isa = PBXFileReference; lastKnownFileType = sourcecode.swift; path = AppCoordinator.swift; sourceTree = "<group>"; };
		D59F7C752DEAF6DF00A829A8 /* AppRoute.swift */ = {isa = PBXFileReference; lastKnownFileType = sourcecode.swift; path = AppRoute.swift; sourceTree = "<group>"; };
		D59F7C772DEB005E00A829A8 /* HomeView.swift */ = {isa = PBXFileReference; lastKnownFileType = sourcecode.swift; path = HomeView.swift; sourceTree = "<group>"; };
		D59F7C7C2DEB00E000A829A8 /* InfoStep1View.swift */ = {isa = PBXFileReference; lastKnownFileType = sourcecode.swift; path = InfoStep1View.swift; sourceTree = "<group>"; };
		D59F7C7E2DEB019100A829A8 /* GroupCreateViewModel.swift */ = {isa = PBXFileReference; lastKnownFileType = sourcecode.swift; path = GroupCreateViewModel.swift; sourceTree = "<group>"; };
		D59F7C802DEB09BF00A829A8 /* EnterCodeView.swift */ = {isa = PBXFileReference; lastKnownFileType = sourcecode.swift; path = EnterCodeView.swift; sourceTree = "<group>"; };
		D59F7C9E2DECC2B100A829A8 /* .swiftlint.yml */ = {isa = PBXFileReference; lastKnownFileType = text.yaml; path = .swiftlint.yml; sourceTree = "<group>"; };
		D5ED63162DED427B007912E1 /* RootNavigationView.swift */ = {isa = PBXFileReference; lastKnownFileType = sourcecode.swift; path = RootNavigationView.swift; sourceTree = "<group>"; };
/* End PBXFileReference section */

/* Begin PBXFrameworksBuildPhase section */
		D59F7C1F2DEAEB3600A829A8 /* Frameworks */ = {
			isa = PBXFrameworksBuildPhase;
			buildActionMask = 2147483647;
			files = (
			);
			runOnlyForDeploymentPostprocessing = 0;
		};
		D59F7C312DEAEB3700A829A8 /* Frameworks */ = {
			isa = PBXFrameworksBuildPhase;
			buildActionMask = 2147483647;
			files = (
			);
			runOnlyForDeploymentPostprocessing = 0;
		};
		D59F7C3B2DEAEB3700A829A8 /* Frameworks */ = {
			isa = PBXFrameworksBuildPhase;
			buildActionMask = 2147483647;
			files = (
			);
			runOnlyForDeploymentPostprocessing = 0;
		};
/* End PBXFrameworksBuildPhase section */

/* Begin PBXGroup section */
		D574E9AD2DED7F6A00AAF70F /* DesignSystem */ = {
			isa = PBXGroup;
			children = (
				D574E9DB2DED8E2900AAF70F /* GSColor.swift */,
				D574E9D92DED8A5C00AAF70F /* GSFont.swift */,
				D574E9AF2DED7F8A00AAF70F /* Components */,
			);
			path = DesignSystem;
			sourceTree = "<group>";
		};
		D574E9AF2DED7F8A00AAF70F /* Components */ = {
			isa = PBXGroup;
			children = (
				D574E9DD2DEDEDE300AAF70F /* PairButton.swift */,
				D574E9B02DED7F9400AAF70F /* PrimaryButton.swift */,
			);
			path = Components;
			sourceTree = "<group>";
		};
		D574E9CF2DED897A00AAF70F /* Font */ = {
			isa = PBXGroup;
			children = (
				D574E9C62DED897A00AAF70F /* Pretendard-Black.otf */,
				D574E9C72DED897A00AAF70F /* Pretendard-Bold.otf */,
				D574E9C82DED897A00AAF70F /* Pretendard-ExtraBold.otf */,
				D574E9C92DED897A00AAF70F /* Pretendard-ExtraLight.otf */,
				D574E9CA2DED897A00AAF70F /* Pretendard-Light.otf */,
				D574E9CB2DED897A00AAF70F /* Pretendard-Medium.otf */,
				D574E9CC2DED897A00AAF70F /* Pretendard-Regular.otf */,
				D574E9CD2DED897A00AAF70F /* Pretendard-SemiBold.otf */,
				D574E9CE2DED897A00AAF70F /* Pretendard-Thin.otf */,
			);
			path = Font;
			sourceTree = "<group>";
		};
		D59F7C192DEAEB3600A829A8 = {
			isa = PBXGroup;
			children = (
				D59F7C9E2DECC2B100A829A8 /* .swiftlint.yml */,
				D59F7C542DEAF20600A829A8 /* chukapoka */,
				D59F7C232DEAEB3600A829A8 /* Products */,
			);
			sourceTree = "<group>";
		};
		D59F7C232DEAEB3600A829A8 /* Products */ = {
			isa = PBXGroup;
			children = (
				D59F7C222DEAEB3600A829A8 /* chukapoka.app */,
				D59F7C342DEAEB3700A829A8 /* chukapokaTests.xctest */,
				D59F7C3E2DEAEB3700A829A8 /* chukapokaUITests.xctest */,
			);
			name = Products;
			sourceTree = "<group>";
		};
		D59F7C542DEAF20600A829A8 /* chukapoka */ = {
			isa = PBXGroup;
			children = (
				D574E9C52DED890000AAF70F /* Info.plist */,
				D59F7C592DEAF23700A829A8 /* App */,
				D59F7C5A2DEAF24500A829A8 /* Core */,
				D59F7C5B2DEAF26800A829A8 /* Coordinator */,
				D59F7C5C2DEAF40300A829A8 /* Feature */,
				D59F7C5D2DEAF42900A829A8 /* Resources */,
			);
			path = chukapoka;
			sourceTree = "<group>";
		};
		D59F7C592DEAF23700A829A8 /* App */ = {
			isa = PBXGroup;
			children = (
				D59F7C522DEAF20600A829A8 /* chukapokaApp.swift */,
				D59F7C632DEAF56700A829A8 /* AppDelegate.swift */,
				D5ED63162DED427B007912E1 /* RootNavigationView.swift */,
			);
			path = App;
			sourceTree = "<group>";
		};
		D59F7C5A2DEAF24500A829A8 /* Core */ = {
			isa = PBXGroup;
			children = (
				D59F7C6D2DEAF64600A829A8 /* Extensions */,
				D574E9AD2DED7F6A00AAF70F /* DesignSystem */,
				D59F7C6F2DEAF69200A829A8 /* Constants.swift */,
			);
			path = Core;
			sourceTree = "<group>";
		};
		D59F7C5B2DEAF26800A829A8 /* Coordinator */ = {
			isa = PBXGroup;
			children = (
				D59F7C732DEAF6CA00A829A8 /* AppCoordinator.swift */,
				D59F7C752DEAF6DF00A829A8 /* AppRoute.swift */,
			);
			path = Coordinator;
			sourceTree = "<group>";
		};
		D59F7C5C2DEAF40300A829A8 /* Feature */ = {
			isa = PBXGroup;
			children = (
				D59F7C602DEAF4E000A829A8 /* Home */,
				D59F7C7A2DEB00B600A829A8 /* GroupCreate */,
				D59F7C7B2DEB00C800A829A8 /* EnterGroup */,
				55512E262DEF1DD200433ED8 /* InputPayment.swift */,
			);
			path = Feature;
			sourceTree = "<group>";
		};
		D59F7C5D2DEAF42900A829A8 /* Resources */ = {
			isa = PBXGroup;
			children = (
				D574E9CF2DED897A00AAF70F /* Font */,
				D59F7C512DEAF20600A829A8 /* Assets.xcassets */,
			);
			path = Resources;
			sourceTree = "<group>";
		};
		D59F7C602DEAF4E000A829A8 /* Home */ = {
			isa = PBXGroup;
			children = (
				D59F7C772DEB005E00A829A8 /* HomeView.swift */,
			);
			path = Home;
			sourceTree = "<group>";
		};
		D59F7C6D2DEAF64600A829A8 /* Extensions */ = {
			isa = PBXGroup;
			children = (
			);
			path = Extensions;
			sourceTree = "<group>";
		};
		D59F7C7A2DEB00B600A829A8 /* GroupCreate */ = {
			isa = PBXGroup;
			children = (
				D59F7C7C2DEB00E000A829A8 /* InfoStep1View.swift */,
				D59F7C7E2DEB019100A829A8 /* GroupCreateViewModel.swift */,
			);
			path = GroupCreate;
			sourceTree = "<group>";
		};
		D59F7C7B2DEB00C800A829A8 /* EnterGroup */ = {
			isa = PBXGroup;
			children = (
				D59F7C802DEB09BF00A829A8 /* EnterCodeView.swift */,
			);
			path = EnterGroup;
			sourceTree = "<group>";
		};
/* End PBXGroup section */

/* Begin PBXNativeTarget section */
		D59F7C212DEAEB3600A829A8 /* chukapoka */ = {
			isa = PBXNativeTarget;
			buildConfigurationList = D59F7C482DEAEB3700A829A8 /* Build configuration list for PBXNativeTarget "chukapoka" */;
			buildPhases = (
				D59F7C1E2DEAEB3600A829A8 /* Sources */,
				D59F7C1F2DEAEB3600A829A8 /* Frameworks */,
				D59F7C202DEAEB3600A829A8 /* Resources */,
				D59F7C972DECBBE000A829A8 /* ShellScript */,
			);
			buildRules = (
			);
			dependencies = (
			);
			name = chukapoka;
			packageProductDependencies = (
			);
			productName = chukapoka;
			productReference = D59F7C222DEAEB3600A829A8 /* chukapoka.app */;
			productType = "com.apple.product-type.application";
		};
		D59F7C332DEAEB3700A829A8 /* chukapokaTests */ = {
			isa = PBXNativeTarget;
			buildConfigurationList = D59F7C4B2DEAEB3700A829A8 /* Build configuration list for PBXNativeTarget "chukapokaTests" */;
			buildPhases = (
				D59F7C302DEAEB3700A829A8 /* Sources */,
				D59F7C312DEAEB3700A829A8 /* Frameworks */,
				D59F7C322DEAEB3700A829A8 /* Resources */,
			);
			buildRules = (
			);
			dependencies = (
				D59F7C362DEAEB3700A829A8 /* PBXTargetDependency */,
			);
			name = chukapokaTests;
			packageProductDependencies = (
			);
			productName = chukapokaTests;
			productReference = D59F7C342DEAEB3700A829A8 /* chukapokaTests.xctest */;
			productType = "com.apple.product-type.bundle.unit-test";
		};
		D59F7C3D2DEAEB3700A829A8 /* chukapokaUITests */ = {
			isa = PBXNativeTarget;
			buildConfigurationList = D59F7C4E2DEAEB3700A829A8 /* Build configuration list for PBXNativeTarget "chukapokaUITests" */;
			buildPhases = (
				D59F7C3A2DEAEB3700A829A8 /* Sources */,
				D59F7C3B2DEAEB3700A829A8 /* Frameworks */,
				D59F7C3C2DEAEB3700A829A8 /* Resources */,
			);
			buildRules = (
			);
			dependencies = (
				D59F7C402DEAEB3700A829A8 /* PBXTargetDependency */,
			);
			name = chukapokaUITests;
			packageProductDependencies = (
			);
			productName = chukapokaUITests;
			productReference = D59F7C3E2DEAEB3700A829A8 /* chukapokaUITests.xctest */;
			productType = "com.apple.product-type.bundle.ui-testing";
		};
/* End PBXNativeTarget section */

/* Begin PBXProject section */
		D59F7C1A2DEAEB3600A829A8 /* Project object */ = {
			isa = PBXProject;
			attributes = {
				BuildIndependentTargetsInParallel = 1;
				LastSwiftUpdateCheck = 1620;
				LastUpgradeCheck = 1620;
				TargetAttributes = {
					D59F7C212DEAEB3600A829A8 = {
						CreatedOnToolsVersion = 16.2;
					};
					D59F7C332DEAEB3700A829A8 = {
						CreatedOnToolsVersion = 16.2;
						TestTargetID = D59F7C212DEAEB3600A829A8;
					};
					D59F7C3D2DEAEB3700A829A8 = {
						CreatedOnToolsVersion = 16.2;
						TestTargetID = D59F7C212DEAEB3600A829A8;
					};
				};
			};
			buildConfigurationList = D59F7C1D2DEAEB3600A829A8 /* Build configuration list for PBXProject "chukapoka" */;
			developmentRegion = en;
			hasScannedForEncodings = 0;
			knownRegions = (
				en,
				Base,
			);
			mainGroup = D59F7C192DEAEB3600A829A8;
			minimizedProjectReferenceProxies = 1;
			preferredProjectObjectVersion = 77;
			productRefGroup = D59F7C232DEAEB3600A829A8 /* Products */;
			projectDirPath = "";
			projectRoot = "";
			targets = (
				D59F7C212DEAEB3600A829A8 /* chukapoka */,
				D59F7C332DEAEB3700A829A8 /* chukapokaTests */,
				D59F7C3D2DEAEB3700A829A8 /* chukapokaUITests */,
			);
		};
/* End PBXProject section */

/* Begin PBXResourcesBuildPhase section */
		D59F7C202DEAEB3600A829A8 /* Resources */ = {
			isa = PBXResourcesBuildPhase;
			buildActionMask = 2147483647;
			files = (
				D574E9D02DED897A00AAF70F /* Pretendard-Black.otf in Resources */,
				D574E9D12DED897A00AAF70F /* Pretendard-Bold.otf in Resources */,
				D574E9D22DED897A00AAF70F /* Pretendard-ExtraBold.otf in Resources */,
				D574E9D32DED897A00AAF70F /* Pretendard-ExtraLight.otf in Resources */,
				D574E9D42DED897A00AAF70F /* Pretendard-Light.otf in Resources */,
				D574E9D52DED897A00AAF70F /* Pretendard-Medium.otf in Resources */,
				D574E9D62DED897A00AAF70F /* Pretendard-Regular.otf in Resources */,
				D574E9D72DED897A00AAF70F /* Pretendard-SemiBold.otf in Resources */,
				D574E9D82DED897A00AAF70F /* Pretendard-Thin.otf in Resources */,
				D59F7C552DEAF20600A829A8 /* Assets.xcassets in Resources */,
			);
			runOnlyForDeploymentPostprocessing = 0;
		};
		D59F7C322DEAEB3700A829A8 /* Resources */ = {
			isa = PBXResourcesBuildPhase;
			buildActionMask = 2147483647;
			files = (
			);
			runOnlyForDeploymentPostprocessing = 0;
		};
		D59F7C3C2DEAEB3700A829A8 /* Resources */ = {
			isa = PBXResourcesBuildPhase;
			buildActionMask = 2147483647;
			files = (
			);
			runOnlyForDeploymentPostprocessing = 0;
		};
/* End PBXResourcesBuildPhase section */

/* Begin PBXShellScriptBuildPhase section */
		D59F7C972DECBBE000A829A8 /* ShellScript */ = {
			isa = PBXShellScriptBuildPhase;
			alwaysOutOfDate = 1;
			buildActionMask = 2147483647;
			files = (
			);
			inputFileListPaths = (
			);
			inputPaths = (
			);
			outputFileListPaths = (
			);
			outputPaths = (
			);
			runOnlyForDeploymentPostprocessing = 0;
			shellPath = /bin/sh;
			shellScript = "if [[ \"$(uname -m)\" == arm64 ]]; then\n    export PATH=\"/opt/homebrew/bin:$PATH\"\nfi\n\nif which swiftlint > /dev/null; then\n  swiftlint\nelse\n  echo \"warning: SwiftLint not installed, download from https://github.com/realm/SwiftLint\"\nfi\n";
		};
/* End PBXShellScriptBuildPhase section */

/* Begin PBXSourcesBuildPhase section */
		D59F7C1E2DEAEB3600A829A8 /* Sources */ = {
			isa = PBXSourcesBuildPhase;
			buildActionMask = 2147483647;
			files = (
				D59F7C742DEAF6D600A829A8 /* AppCoordinator.swift in Sources */,
				D59F7C642DEAF56D00A829A8 /* AppDelegate.swift in Sources */,
				D59F7C7F2DEB019700A829A8 /* GroupCreateViewModel.swift in Sources */,
				D59F7C562DEAF20600A829A8 /* chukapokaApp.swift in Sources */,
				D574E9DC2DED8E2E00AAF70F /* GSColor.swift in Sources */,
				D574E9DA2DED8A6500AAF70F /* GSFont.swift in Sources */,
				D59F7C7D2DEB00ED00A829A8 /* InfoStep1View.swift in Sources */,
				D574E9B12DED7FA000AAF70F /* PrimaryButton.swift in Sources */,
				D59F7C782DEB006200A829A8 /* HomeView.swift in Sources */,
				D59F7C762DEAF6E100A829A8 /* AppRoute.swift in Sources */,
				D59F7C702DEAF69400A829A8 /* Constants.swift in Sources */,
				D5ED63172DED427B007912E1 /* RootNavigationView.swift in Sources */,
				D59F7C812DEB09C200A829A8 /* EnterCodeView.swift in Sources */,
				55512E272DEF1DD200433ED8 /* InputPayment.swift in Sources */,
				D574E9DE2DEDEE3500AAF70F /* PairButton.swift in Sources */,
			);
			runOnlyForDeploymentPostprocessing = 0;
		};
		D59F7C302DEAEB3700A829A8 /* Sources */ = {
			isa = PBXSourcesBuildPhase;
			buildActionMask = 2147483647;
			files = (
			);
			runOnlyForDeploymentPostprocessing = 0;
		};
		D59F7C3A2DEAEB3700A829A8 /* Sources */ = {
			isa = PBXSourcesBuildPhase;
			buildActionMask = 2147483647;
			files = (
			);
			runOnlyForDeploymentPostprocessing = 0;
		};
/* End PBXSourcesBuildPhase section */

/* Begin PBXTargetDependency section */
		D59F7C362DEAEB3700A829A8 /* PBXTargetDependency */ = {
			isa = PBXTargetDependency;
			target = D59F7C212DEAEB3600A829A8 /* chukapoka */;
			targetProxy = D59F7C352DEAEB3700A829A8 /* PBXContainerItemProxy */;
		};
		D59F7C402DEAEB3700A829A8 /* PBXTargetDependency */ = {
			isa = PBXTargetDependency;
			target = D59F7C212DEAEB3600A829A8 /* chukapoka */;
			targetProxy = D59F7C3F2DEAEB3700A829A8 /* PBXContainerItemProxy */;
		};
/* End PBXTargetDependency section */

/* Begin XCBuildConfiguration section */
		D59F7C462DEAEB3700A829A8 /* Debug */ = {
			isa = XCBuildConfiguration;
			buildSettings = {
				ALWAYS_SEARCH_USER_PATHS = NO;
				ASSETCATALOG_COMPILER_GENERATE_SWIFT_ASSET_SYMBOL_EXTENSIONS = YES;
				CLANG_ANALYZER_NONNULL = YES;
				CLANG_ANALYZER_NUMBER_OBJECT_CONVERSION = YES_AGGRESSIVE;
				CLANG_CXX_LANGUAGE_STANDARD = "gnu++20";
				CLANG_ENABLE_MODULES = YES;
				CLANG_ENABLE_OBJC_ARC = YES;
				CLANG_ENABLE_OBJC_WEAK = YES;
				CLANG_WARN_BLOCK_CAPTURE_AUTORELEASING = YES;
				CLANG_WARN_BOOL_CONVERSION = YES;
				CLANG_WARN_COMMA = YES;
				CLANG_WARN_CONSTANT_CONVERSION = YES;
				CLANG_WARN_DEPRECATED_OBJC_IMPLEMENTATIONS = YES;
				CLANG_WARN_DIRECT_OBJC_ISA_USAGE = YES_ERROR;
				CLANG_WARN_DOCUMENTATION_COMMENTS = YES;
				CLANG_WARN_EMPTY_BODY = YES;
				CLANG_WARN_ENUM_CONVERSION = YES;
				CLANG_WARN_INFINITE_RECURSION = YES;
				CLANG_WARN_INT_CONVERSION = YES;
				CLANG_WARN_NON_LITERAL_NULL_CONVERSION = YES;
				CLANG_WARN_OBJC_IMPLICIT_RETAIN_SELF = YES;
				CLANG_WARN_OBJC_LITERAL_CONVERSION = YES;
				CLANG_WARN_OBJC_ROOT_CLASS = YES_ERROR;
				CLANG_WARN_QUOTED_INCLUDE_IN_FRAMEWORK_HEADER = YES;
				CLANG_WARN_RANGE_LOOP_ANALYSIS = YES;
				CLANG_WARN_STRICT_PROTOTYPES = YES;
				CLANG_WARN_SUSPICIOUS_MOVE = YES;
				CLANG_WARN_UNGUARDED_AVAILABILITY = YES_AGGRESSIVE;
				CLANG_WARN_UNREACHABLE_CODE = YES;
				CLANG_WARN__DUPLICATE_METHOD_MATCH = YES;
				COPY_PHASE_STRIP = NO;
				DEBUG_INFORMATION_FORMAT = dwarf;
				ENABLE_STRICT_OBJC_MSGSEND = YES;
				ENABLE_TESTABILITY = YES;
				ENABLE_USER_SCRIPT_SANDBOXING = NO;
				GCC_C_LANGUAGE_STANDARD = gnu17;
				GCC_DYNAMIC_NO_PIC = NO;
				GCC_NO_COMMON_BLOCKS = YES;
				GCC_OPTIMIZATION_LEVEL = 0;
				GCC_PREPROCESSOR_DEFINITIONS = (
					"DEBUG=1",
					"$(inherited)",
				);
				GCC_WARN_64_TO_32_BIT_CONVERSION = YES;
				GCC_WARN_ABOUT_RETURN_TYPE = YES_ERROR;
				GCC_WARN_UNDECLARED_SELECTOR = YES;
				GCC_WARN_UNINITIALIZED_AUTOS = YES_AGGRESSIVE;
				GCC_WARN_UNUSED_FUNCTION = YES;
				GCC_WARN_UNUSED_VARIABLE = YES;
				IPHONEOS_DEPLOYMENT_TARGET = 18.2;
				LOCALIZATION_PREFERS_STRING_CATALOGS = YES;
				MTL_ENABLE_DEBUG_INFO = INCLUDE_SOURCE;
				MTL_FAST_MATH = YES;
				ONLY_ACTIVE_ARCH = YES;
				SDKROOT = iphoneos;
				SWIFT_ACTIVE_COMPILATION_CONDITIONS = "DEBUG $(inherited)";
				SWIFT_OPTIMIZATION_LEVEL = "-Onone";
			};
			name = Debug;
		};
		D59F7C472DEAEB3700A829A8 /* Release */ = {
			isa = XCBuildConfiguration;
			buildSettings = {
				ALWAYS_SEARCH_USER_PATHS = NO;
				ASSETCATALOG_COMPILER_GENERATE_SWIFT_ASSET_SYMBOL_EXTENSIONS = YES;
				CLANG_ANALYZER_NONNULL = YES;
				CLANG_ANALYZER_NUMBER_OBJECT_CONVERSION = YES_AGGRESSIVE;
				CLANG_CXX_LANGUAGE_STANDARD = "gnu++20";
				CLANG_ENABLE_MODULES = YES;
				CLANG_ENABLE_OBJC_ARC = YES;
				CLANG_ENABLE_OBJC_WEAK = YES;
				CLANG_WARN_BLOCK_CAPTURE_AUTORELEASING = YES;
				CLANG_WARN_BOOL_CONVERSION = YES;
				CLANG_WARN_COMMA = YES;
				CLANG_WARN_CONSTANT_CONVERSION = YES;
				CLANG_WARN_DEPRECATED_OBJC_IMPLEMENTATIONS = YES;
				CLANG_WARN_DIRECT_OBJC_ISA_USAGE = YES_ERROR;
				CLANG_WARN_DOCUMENTATION_COMMENTS = YES;
				CLANG_WARN_EMPTY_BODY = YES;
				CLANG_WARN_ENUM_CONVERSION = YES;
				CLANG_WARN_INFINITE_RECURSION = YES;
				CLANG_WARN_INT_CONVERSION = YES;
				CLANG_WARN_NON_LITERAL_NULL_CONVERSION = YES;
				CLANG_WARN_OBJC_IMPLICIT_RETAIN_SELF = YES;
				CLANG_WARN_OBJC_LITERAL_CONVERSION = YES;
				CLANG_WARN_OBJC_ROOT_CLASS = YES_ERROR;
				CLANG_WARN_QUOTED_INCLUDE_IN_FRAMEWORK_HEADER = YES;
				CLANG_WARN_RANGE_LOOP_ANALYSIS = YES;
				CLANG_WARN_STRICT_PROTOTYPES = YES;
				CLANG_WARN_SUSPICIOUS_MOVE = YES;
				CLANG_WARN_UNGUARDED_AVAILABILITY = YES_AGGRESSIVE;
				CLANG_WARN_UNREACHABLE_CODE = YES;
				CLANG_WARN__DUPLICATE_METHOD_MATCH = YES;
				COPY_PHASE_STRIP = NO;
				DEBUG_INFORMATION_FORMAT = "dwarf-with-dsym";
				ENABLE_NS_ASSERTIONS = NO;
				ENABLE_STRICT_OBJC_MSGSEND = YES;
				ENABLE_USER_SCRIPT_SANDBOXING = NO;
				GCC_C_LANGUAGE_STANDARD = gnu17;
				GCC_NO_COMMON_BLOCKS = YES;
				GCC_WARN_64_TO_32_BIT_CONVERSION = YES;
				GCC_WARN_ABOUT_RETURN_TYPE = YES_ERROR;
				GCC_WARN_UNDECLARED_SELECTOR = YES;
				GCC_WARN_UNINITIALIZED_AUTOS = YES_AGGRESSIVE;
				GCC_WARN_UNUSED_FUNCTION = YES;
				GCC_WARN_UNUSED_VARIABLE = YES;
				IPHONEOS_DEPLOYMENT_TARGET = 18.2;
				LOCALIZATION_PREFERS_STRING_CATALOGS = YES;
				MTL_ENABLE_DEBUG_INFO = NO;
				MTL_FAST_MATH = YES;
				SDKROOT = iphoneos;
				SWIFT_COMPILATION_MODE = wholemodule;
				VALIDATE_PRODUCT = YES;
			};
			name = Release;
		};
		D59F7C492DEAEB3700A829A8 /* Debug */ = {
			isa = XCBuildConfiguration;
			buildSettings = {
				ASSETCATALOG_COMPILER_APPICON_NAME = AppIcon;
				ASSETCATALOG_COMPILER_GLOBAL_ACCENT_COLOR_NAME = AccentColor;
				CODE_SIGN_STYLE = Automatic;
				CURRENT_PROJECT_VERSION = 1;
				DEVELOPMENT_ASSET_PATHS = "";
				DEVELOPMENT_TEAM = 9S8SHSW95K;
				ENABLE_PREVIEWS = YES;
				GENERATE_INFOPLIST_FILE = YES;
				INFOPLIST_FILE = chukapoka/Info.plist;
				INFOPLIST_KEY_UIApplicationSceneManifest_Generation = YES;
				INFOPLIST_KEY_UIApplicationSupportsIndirectInputEvents = YES;
				INFOPLIST_KEY_UILaunchScreen_Generation = YES;
				INFOPLIST_KEY_UISupportedInterfaceOrientations_iPad = "UIInterfaceOrientationPortrait UIInterfaceOrientationPortraitUpsideDown UIInterfaceOrientationLandscapeLeft UIInterfaceOrientationLandscapeRight";
				INFOPLIST_KEY_UISupportedInterfaceOrientations_iPhone = "UIInterfaceOrientationPortrait UIInterfaceOrientationLandscapeLeft UIInterfaceOrientationLandscapeRight";
				LD_RUNPATH_SEARCH_PATHS = (
					"$(inherited)",
					"@executable_path/Frameworks",
				);
				MARKETING_VERSION = 1.0;
				PRODUCT_BUNDLE_IDENTIFIER = com.GMYoo.chukapoka;
				PRODUCT_NAME = "$(TARGET_NAME)";
				SWIFT_EMIT_LOC_STRINGS = YES;
				SWIFT_VERSION = 5.0;
				TARGETED_DEVICE_FAMILY = "1,2";
			};
			name = Debug;
		};
		D59F7C4A2DEAEB3700A829A8 /* Release */ = {
			isa = XCBuildConfiguration;
			buildSettings = {
				ASSETCATALOG_COMPILER_APPICON_NAME = AppIcon;
				ASSETCATALOG_COMPILER_GLOBAL_ACCENT_COLOR_NAME = AccentColor;
				CODE_SIGN_STYLE = Automatic;
				CURRENT_PROJECT_VERSION = 1;
				DEVELOPMENT_ASSET_PATHS = "";
				DEVELOPMENT_TEAM = 9S8SHSW95K;
				ENABLE_PREVIEWS = YES;
				GENERATE_INFOPLIST_FILE = YES;
				INFOPLIST_FILE = chukapoka/Info.plist;
				INFOPLIST_KEY_UIApplicationSceneManifest_Generation = YES;
				INFOPLIST_KEY_UIApplicationSupportsIndirectInputEvents = YES;
				INFOPLIST_KEY_UILaunchScreen_Generation = YES;
				INFOPLIST_KEY_UISupportedInterfaceOrientations_iPad = "UIInterfaceOrientationPortrait UIInterfaceOrientationPortraitUpsideDown UIInterfaceOrientationLandscapeLeft UIInterfaceOrientationLandscapeRight";
				INFOPLIST_KEY_UISupportedInterfaceOrientations_iPhone = "UIInterfaceOrientationPortrait UIInterfaceOrientationLandscapeLeft UIInterfaceOrientationLandscapeRight";
				LD_RUNPATH_SEARCH_PATHS = (
					"$(inherited)",
					"@executable_path/Frameworks",
				);
				MARKETING_VERSION = 1.0;
				PRODUCT_BUNDLE_IDENTIFIER = com.GMYoo.chukapoka;
				PRODUCT_NAME = "$(TARGET_NAME)";
				SWIFT_EMIT_LOC_STRINGS = YES;
				SWIFT_VERSION = 5.0;
				TARGETED_DEVICE_FAMILY = "1,2";
			};
			name = Release;
		};
		D59F7C4C2DEAEB3700A829A8 /* Debug */ = {
			isa = XCBuildConfiguration;
			buildSettings = {
				BUNDLE_LOADER = "$(TEST_HOST)";
				CODE_SIGN_STYLE = Automatic;
				CURRENT_PROJECT_VERSION = 1;
				DEVELOPMENT_TEAM = 9S8SHSW95K;
				GENERATE_INFOPLIST_FILE = YES;
				IPHONEOS_DEPLOYMENT_TARGET = 18.2;
				MARKETING_VERSION = 1.0;
				PRODUCT_BUNDLE_IDENTIFIER = com.GMYoo.chukapokaTests;
				PRODUCT_NAME = "$(TARGET_NAME)";
				SWIFT_EMIT_LOC_STRINGS = NO;
				SWIFT_VERSION = 5.0;
				TARGETED_DEVICE_FAMILY = "1,2";
				TEST_HOST = "$(BUILT_PRODUCTS_DIR)/chukapoka.app/$(BUNDLE_EXECUTABLE_FOLDER_PATH)/chukapoka";
			};
			name = Debug;
		};
		D59F7C4D2DEAEB3700A829A8 /* Release */ = {
			isa = XCBuildConfiguration;
			buildSettings = {
				BUNDLE_LOADER = "$(TEST_HOST)";
				CODE_SIGN_STYLE = Automatic;
				CURRENT_PROJECT_VERSION = 1;
				DEVELOPMENT_TEAM = 9S8SHSW95K;
				GENERATE_INFOPLIST_FILE = YES;
				IPHONEOS_DEPLOYMENT_TARGET = 18.2;
				MARKETING_VERSION = 1.0;
				PRODUCT_BUNDLE_IDENTIFIER = com.GMYoo.chukapokaTests;
				PRODUCT_NAME = "$(TARGET_NAME)";
				SWIFT_EMIT_LOC_STRINGS = NO;
				SWIFT_VERSION = 5.0;
				TARGETED_DEVICE_FAMILY = "1,2";
				TEST_HOST = "$(BUILT_PRODUCTS_DIR)/chukapoka.app/$(BUNDLE_EXECUTABLE_FOLDER_PATH)/chukapoka";
			};
			name = Release;
		};
		D59F7C4F2DEAEB3700A829A8 /* Debug */ = {
			isa = XCBuildConfiguration;
			buildSettings = {
				CODE_SIGN_STYLE = Automatic;
				CURRENT_PROJECT_VERSION = 1;
				DEVELOPMENT_TEAM = 9S8SHSW95K;
				GENERATE_INFOPLIST_FILE = YES;
				MARKETING_VERSION = 1.0;
				PRODUCT_BUNDLE_IDENTIFIER = com.GMYoo.chukapokaUITests;
				PRODUCT_NAME = "$(TARGET_NAME)";
				SWIFT_EMIT_LOC_STRINGS = NO;
				SWIFT_VERSION = 5.0;
				TARGETED_DEVICE_FAMILY = "1,2";
				TEST_TARGET_NAME = chukapoka;
			};
			name = Debug;
		};
		D59F7C502DEAEB3700A829A8 /* Release */ = {
			isa = XCBuildConfiguration;
			buildSettings = {
				CODE_SIGN_STYLE = Automatic;
				CURRENT_PROJECT_VERSION = 1;
				DEVELOPMENT_TEAM = 9S8SHSW95K;
				GENERATE_INFOPLIST_FILE = YES;
				MARKETING_VERSION = 1.0;
				PRODUCT_BUNDLE_IDENTIFIER = com.GMYoo.chukapokaUITests;
				PRODUCT_NAME = "$(TARGET_NAME)";
				SWIFT_EMIT_LOC_STRINGS = NO;
				SWIFT_VERSION = 5.0;
				TARGETED_DEVICE_FAMILY = "1,2";
				TEST_TARGET_NAME = chukapoka;
			};
			name = Release;
		};
/* End XCBuildConfiguration section */

/* Begin XCConfigurationList section */
		D59F7C1D2DEAEB3600A829A8 /* Build configuration list for PBXProject "chukapoka" */ = {
			isa = XCConfigurationList;
			buildConfigurations = (
				D59F7C462DEAEB3700A829A8 /* Debug */,
				D59F7C472DEAEB3700A829A8 /* Release */,
			);
			defaultConfigurationIsVisible = 0;
			defaultConfigurationName = Release;
		};
		D59F7C482DEAEB3700A829A8 /* Build configuration list for PBXNativeTarget "chukapoka" */ = {
			isa = XCConfigurationList;
			buildConfigurations = (
				D59F7C492DEAEB3700A829A8 /* Debug */,
				D59F7C4A2DEAEB3700A829A8 /* Release */,
			);
			defaultConfigurationIsVisible = 0;
			defaultConfigurationName = Release;
		};
		D59F7C4B2DEAEB3700A829A8 /* Build configuration list for PBXNativeTarget "chukapokaTests" */ = {
			isa = XCConfigurationList;
			buildConfigurations = (
				D59F7C4C2DEAEB3700A829A8 /* Debug */,
				D59F7C4D2DEAEB3700A829A8 /* Release */,
			);
			defaultConfigurationIsVisible = 0;
			defaultConfigurationName = Release;
		};
		D59F7C4E2DEAEB3700A829A8 /* Build configuration list for PBXNativeTarget "chukapokaUITests" */ = {
			isa = XCConfigurationList;
			buildConfigurations = (
				D59F7C4F2DEAEB3700A829A8 /* Debug */,
				D59F7C502DEAEB3700A829A8 /* Release */,
			);
			defaultConfigurationIsVisible = 0;
			defaultConfigurationName = Release;
		};
/* End XCConfigurationList section */
	};
	rootObject = D59F7C1A2DEAEB3600A829A8 /* Project object */;
}
